// !$*UTF8*$!
{
	archiveVersion = 1;
	classes = {
	};
	objectVersion = 56;
	objects = {

/* Begin PBXBuildFile section */
		245594BC2C34271100F07D86 /* Ingredient.swift in Sources */ = {isa = PBXBuildFile; fileRef = 245594BB2C34271100F07D86 /* Ingredient.swift */; };
		245594BE2C34427000F07D86 /* TestVC.swift in Sources */ = {isa = PBXBuildFile; fileRef = 245594BD2C34426F00F07D86 /* TestVC.swift */; };
		24AE745E2C35495F00CED2BA /* SearchResult.swift in Sources */ = {isa = PBXBuildFile; fileRef = 24AE745D2C35495F00CED2BA /* SearchResult.swift */; };
		24AE74602C3554B900CED2BA /* RecipePreview.swift in Sources */ = {isa = PBXBuildFile; fileRef = 24AE745F2C3554B900CED2BA /* RecipePreview.swift */; };
		522898A22C31DC3D0013FF87 /* Network.swift in Sources */ = {isa = PBXBuildFile; fileRef = 522898A12C31DC3D0013FF87 /* Network.swift */; };
		522898A42C31DD550013FF87 /* OnboardingViewController.swift in Sources */ = {isa = PBXBuildFile; fileRef = 522898A32C31DD550013FF87 /* OnboardingViewController.swift */; };
		522898A62C31DD610013FF87 /* TabBarController.swift in Sources */ = {isa = PBXBuildFile; fileRef = 522898A52C31DD610013FF87 /* TabBarController.swift */; };
		522898A82C31DD6A0013FF87 /* MainViewController.swift in Sources */ = {isa = PBXBuildFile; fileRef = 522898A72C31DD6A0013FF87 /* MainViewController.swift */; };
		522898AA2C31DD750013FF87 /* TrendingViewController.swift in Sources */ = {isa = PBXBuildFile; fileRef = 522898A92C31DD750013FF87 /* TrendingViewController.swift */; };
		522898AC2C31DD7B0013FF87 /* DetailViewController.swift in Sources */ = {isa = PBXBuildFile; fileRef = 522898AB2C31DD7B0013FF87 /* DetailViewController.swift */; };
		522898B22C31DDAB0013FF87 /* Recipe.swift in Sources */ = {isa = PBXBuildFile; fileRef = 522898B12C31DDAB0013FF87 /* Recipe.swift */; };
		522898B72C32DF400013FF87 /* BRCollectionView.swift in Sources */ = {isa = PBXBuildFile; fileRef = 522898B62C32DF400013FF87 /* BRCollectionView.swift */; };
		522898B92C32DFC20013FF87 /* BRTrendingCollectionViewCell.swift in Sources */ = {isa = PBXBuildFile; fileRef = 522898B82C32DFC20013FF87 /* BRTrendingCollectionViewCell.swift */; };
		522898BC2C32E0F30013FF87 /* BRCategoryCollectionViewCell.swift in Sources */ = {isa = PBXBuildFile; fileRef = 522898BB2C32E0F30013FF87 /* BRCategoryCollectionViewCell.swift */; };
		522898BE2C32E12D0013FF87 /* BRRecentCollectionViewCell.swift in Sources */ = {isa = PBXBuildFile; fileRef = 522898BD2C32E12D0013FF87 /* BRRecentCollectionViewCell.swift */; };
		522898C02C32E1820013FF87 /* BRCuisineCollectionViewCell.swift in Sources */ = {isa = PBXBuildFile; fileRef = 522898BF2C32E1820013FF87 /* BRCuisineCollectionViewCell.swift */; };
		522898C22C32E2200013FF87 /* BRPopularCollectionViewCell.swift in Sources */ = {isa = PBXBuildFile; fileRef = 522898C12C32E2200013FF87 /* BRPopularCollectionViewCell.swift */; };
		522898C42C32E6220013FF87 /* TextField + ext.swift in Sources */ = {isa = PBXBuildFile; fileRef = 522898C32C32E6220013FF87 /* TextField + ext.swift */; };
		522898C92C32E9980013FF87 /* BRSeeAllHeader.swift in Sources */ = {isa = PBXBuildFile; fileRef = 522898C82C32E9980013FF87 /* BRSeeAllHeader.swift */; };
		522898CB2C32E9CB0013FF87 /* BRTrendingFooter.swift in Sources */ = {isa = PBXBuildFile; fileRef = 522898CA2C32E9CA0013FF87 /* BRTrendingFooter.swift */; };
		522898D12C32EFC00013FF87 /* BRListItem.swift in Sources */ = {isa = PBXBuildFile; fileRef = 522898D02C32EFC00013FF87 /* BRListItem.swift */; };
		522898D32C32F0FC0013FF87 /* BRListSection.swift in Sources */ = {isa = PBXBuildFile; fileRef = 522898D22C32F0FC0013FF87 /* BRListSection.swift */; };
		522898D52C32F2900013FF87 /* BRMockData.swift in Sources */ = {isa = PBXBuildFile; fileRef = 522898D42C32F2900013FF87 /* BRMockData.swift */; };
		522898D72C32FBBA0013FF87 /* BRFavoritesButton.swift in Sources */ = {isa = PBXBuildFile; fileRef = 522898D62C32FBBA0013FF87 /* BRFavoritesButton.swift */; };
		522898D92C32FD700013FF87 /* BRRatingView.swift in Sources */ = {isa = PBXBuildFile; fileRef = 522898D82C32FD700013FF87 /* BRRatingView.swift */; };
		522898DC2C337F260013FF87 /* CreateLayout.swift in Sources */ = {isa = PBXBuildFile; fileRef = 522898DB2C337F260013FF87 /* CreateLayout.swift */; };
		522898DE2C337FB90013FF87 /* CreateCells.swift in Sources */ = {isa = PBXBuildFile; fileRef = 522898DD2C337FB90013FF87 /* CreateCells.swift */; };
		522898E02C34181C0013FF87 /* MainPresenter.swift in Sources */ = {isa = PBXBuildFile; fileRef = 522898DF2C34181C0013FF87 /* MainPresenter.swift */; };
		522898E52C34239B0013FF87 /* Builder.swift in Sources */ = {isa = PBXBuildFile; fileRef = 522898E42C34239B0013FF87 /* Builder.swift */; };
		522898E72C3423AA0013FF87 /* Router.swift in Sources */ = {isa = PBXBuildFile; fileRef = 522898E62C3423AA0013FF87 /* Router.swift */; };
		522898EE2C3433EF0013FF87 /* TrendingPresenter.swift in Sources */ = {isa = PBXBuildFile; fileRef = 522898ED2C3433EF0013FF87 /* TrendingPresenter.swift */; };
		526DF7DE2C30D84F008A7818 /* AppDelegate.swift in Sources */ = {isa = PBXBuildFile; fileRef = 526DF7DD2C30D84F008A7818 /* AppDelegate.swift */; };
		526DF7E02C30D84F008A7818 /* SceneDelegate.swift in Sources */ = {isa = PBXBuildFile; fileRef = 526DF7DF2C30D84F008A7818 /* SceneDelegate.swift */; };
		526DF7E22C30D84F008A7818 /* LaunchViewController.swift in Sources */ = {isa = PBXBuildFile; fileRef = 526DF7E12C30D84F008A7818 /* LaunchViewController.swift */; };
		526DF7E72C30D851008A7818 /* Assets.xcassets in Resources */ = {isa = PBXBuildFile; fileRef = 526DF7E62C30D851008A7818 /* Assets.xcassets */; };
		526DF7EA2C30D851008A7818 /* Base in Resources */ = {isa = PBXBuildFile; fileRef = 526DF7E92C30D851008A7818 /* Base */; };
		526DF7F92C30D98E008A7818 /* Font.swift in Sources */ = {isa = PBXBuildFile; fileRef = 526DF7F82C30D98E008A7818 /* Font.swift */; };
		526DF7FC2C30DA11008A7818 /* Poppins-Bold.ttf in Resources */ = {isa = PBXBuildFile; fileRef = 526DF7FA2C30DA11008A7818 /* Poppins-Bold.ttf */; };
		526DF7FD2C30DA11008A7818 /* Poppins-Regular.ttf in Resources */ = {isa = PBXBuildFile; fileRef = 526DF7FB2C30DA11008A7818 /* Poppins-Regular.ttf */; };
		526DF80A2C30DE07008A7818 /* UIView + ext.swift in Sources */ = {isa = PBXBuildFile; fileRef = 526DF8092C30DE07008A7818 /* UIView + ext.swift */; };
		526DF80D2C30DE3B008A7818 /* UIStackView + ext.swift in Sources */ = {isa = PBXBuildFile; fileRef = 526DF80C2C30DE3B008A7818 /* UIStackView + ext.swift */; };
/* End PBXBuildFile section */

/* Begin PBXFileReference section */
		245594BB2C34271100F07D86 /* Ingredient.swift */ = {isa = PBXFileReference; lastKnownFileType = sourcecode.swift; path = Ingredient.swift; sourceTree = "<group>"; };
		245594BD2C34426F00F07D86 /* TestVC.swift */ = {isa = PBXFileReference; lastKnownFileType = sourcecode.swift; path = TestVC.swift; sourceTree = "<group>"; };
		24AE745D2C35495F00CED2BA /* SearchResult.swift */ = {isa = PBXFileReference; lastKnownFileType = sourcecode.swift; path = SearchResult.swift; sourceTree = "<group>"; };
		24AE745F2C3554B900CED2BA /* RecipePreview.swift */ = {isa = PBXFileReference; lastKnownFileType = sourcecode.swift; path = RecipePreview.swift; sourceTree = "<group>"; };
		522898A12C31DC3D0013FF87 /* Network.swift */ = {isa = PBXFileReference; lastKnownFileType = sourcecode.swift; path = Network.swift; sourceTree = "<group>"; };
		522898A32C31DD550013FF87 /* OnboardingViewController.swift */ = {isa = PBXFileReference; lastKnownFileType = sourcecode.swift; path = OnboardingViewController.swift; sourceTree = "<group>"; };
		522898A52C31DD610013FF87 /* TabBarController.swift */ = {isa = PBXFileReference; lastKnownFileType = sourcecode.swift; path = TabBarController.swift; sourceTree = "<group>"; };
		522898A72C31DD6A0013FF87 /* MainViewController.swift */ = {isa = PBXFileReference; lastKnownFileType = sourcecode.swift; path = MainViewController.swift; sourceTree = "<group>"; };
		522898A92C31DD750013FF87 /* TrendingViewController.swift */ = {isa = PBXFileReference; lastKnownFileType = sourcecode.swift; path = TrendingViewController.swift; sourceTree = "<group>"; };
		522898AB2C31DD7B0013FF87 /* DetailViewController.swift */ = {isa = PBXFileReference; lastKnownFileType = sourcecode.swift; path = DetailViewController.swift; sourceTree = "<group>"; };
		522898B12C31DDAB0013FF87 /* Recipe.swift */ = {isa = PBXFileReference; lastKnownFileType = sourcecode.swift; path = Recipe.swift; sourceTree = "<group>"; };
		522898B62C32DF400013FF87 /* BRCollectionView.swift */ = {isa = PBXFileReference; lastKnownFileType = sourcecode.swift; path = BRCollectionView.swift; sourceTree = "<group>"; };
		522898B82C32DFC20013FF87 /* BRTrendingCollectionViewCell.swift */ = {isa = PBXFileReference; lastKnownFileType = sourcecode.swift; path = BRTrendingCollectionViewCell.swift; sourceTree = "<group>"; };
		522898BB2C32E0F30013FF87 /* BRCategoryCollectionViewCell.swift */ = {isa = PBXFileReference; lastKnownFileType = sourcecode.swift; path = BRCategoryCollectionViewCell.swift; sourceTree = "<group>"; };
		522898BD2C32E12D0013FF87 /* BRRecentCollectionViewCell.swift */ = {isa = PBXFileReference; lastKnownFileType = sourcecode.swift; path = BRRecentCollectionViewCell.swift; sourceTree = "<group>"; };
		522898BF2C32E1820013FF87 /* BRCuisineCollectionViewCell.swift */ = {isa = PBXFileReference; lastKnownFileType = sourcecode.swift; path = BRCuisineCollectionViewCell.swift; sourceTree = "<group>"; };
		522898C12C32E2200013FF87 /* BRPopularCollectionViewCell.swift */ = {isa = PBXFileReference; lastKnownFileType = sourcecode.swift; path = BRPopularCollectionViewCell.swift; sourceTree = "<group>"; };
		522898C32C32E6220013FF87 /* TextField + ext.swift */ = {isa = PBXFileReference; lastKnownFileType = sourcecode.swift; path = "TextField + ext.swift"; sourceTree = "<group>"; };
		522898C82C32E9980013FF87 /* BRSeeAllHeader.swift */ = {isa = PBXFileReference; lastKnownFileType = sourcecode.swift; path = BRSeeAllHeader.swift; sourceTree = "<group>"; };
		522898CA2C32E9CA0013FF87 /* BRTrendingFooter.swift */ = {isa = PBXFileReference; lastKnownFileType = sourcecode.swift; path = BRTrendingFooter.swift; sourceTree = "<group>"; };
		522898D02C32EFC00013FF87 /* BRListItem.swift */ = {isa = PBXFileReference; lastKnownFileType = sourcecode.swift; path = BRListItem.swift; sourceTree = "<group>"; };
		522898D22C32F0FC0013FF87 /* BRListSection.swift */ = {isa = PBXFileReference; lastKnownFileType = sourcecode.swift; path = BRListSection.swift; sourceTree = "<group>"; };
		522898D42C32F2900013FF87 /* BRMockData.swift */ = {isa = PBXFileReference; lastKnownFileType = sourcecode.swift; path = BRMockData.swift; sourceTree = "<group>"; };
		522898D62C32FBBA0013FF87 /* BRFavoritesButton.swift */ = {isa = PBXFileReference; lastKnownFileType = sourcecode.swift; path = BRFavoritesButton.swift; sourceTree = "<group>"; };
		522898D82C32FD700013FF87 /* BRRatingView.swift */ = {isa = PBXFileReference; lastKnownFileType = sourcecode.swift; path = BRRatingView.swift; sourceTree = "<group>"; };
		522898DB2C337F260013FF87 /* CreateLayout.swift */ = {isa = PBXFileReference; lastKnownFileType = sourcecode.swift; path = CreateLayout.swift; sourceTree = "<group>"; };
		522898DD2C337FB90013FF87 /* CreateCells.swift */ = {isa = PBXFileReference; lastKnownFileType = sourcecode.swift; path = CreateCells.swift; sourceTree = "<group>"; };
		522898DF2C34181C0013FF87 /* MainPresenter.swift */ = {isa = PBXFileReference; lastKnownFileType = sourcecode.swift; path = MainPresenter.swift; sourceTree = "<group>"; };
		522898E42C34239B0013FF87 /* Builder.swift */ = {isa = PBXFileReference; lastKnownFileType = sourcecode.swift; path = Builder.swift; sourceTree = "<group>"; };
		522898E62C3423AA0013FF87 /* Router.swift */ = {isa = PBXFileReference; lastKnownFileType = sourcecode.swift; path = Router.swift; sourceTree = "<group>"; };
		522898ED2C3433EF0013FF87 /* TrendingPresenter.swift */ = {isa = PBXFileReference; lastKnownFileType = sourcecode.swift; path = TrendingPresenter.swift; sourceTree = "<group>"; };
		526DF7DA2C30D84F008A7818 /* BestRecipes.app */ = {isa = PBXFileReference; explicitFileType = wrapper.application; includeInIndex = 0; path = BestRecipes.app; sourceTree = BUILT_PRODUCTS_DIR; };
		526DF7DD2C30D84F008A7818 /* AppDelegate.swift */ = {isa = PBXFileReference; lastKnownFileType = sourcecode.swift; path = AppDelegate.swift; sourceTree = "<group>"; };
		526DF7DF2C30D84F008A7818 /* SceneDelegate.swift */ = {isa = PBXFileReference; lastKnownFileType = sourcecode.swift; path = SceneDelegate.swift; sourceTree = "<group>"; };
		526DF7E12C30D84F008A7818 /* LaunchViewController.swift */ = {isa = PBXFileReference; lastKnownFileType = sourcecode.swift; path = LaunchViewController.swift; sourceTree = "<group>"; };
		526DF7E62C30D851008A7818 /* Assets.xcassets */ = {isa = PBXFileReference; lastKnownFileType = folder.assetcatalog; path = Assets.xcassets; sourceTree = "<group>"; };
		526DF7E92C30D851008A7818 /* Base */ = {isa = PBXFileReference; lastKnownFileType = file.storyboard; name = Base; path = Base.lproj/LaunchScreen.storyboard; sourceTree = "<group>"; };
		526DF7EB2C30D851008A7818 /* Info.plist */ = {isa = PBXFileReference; lastKnownFileType = text.plist.xml; path = Info.plist; sourceTree = "<group>"; };
		526DF7F82C30D98E008A7818 /* Font.swift */ = {isa = PBXFileReference; lastKnownFileType = sourcecode.swift; path = Font.swift; sourceTree = "<group>"; };
		526DF7FA2C30DA11008A7818 /* Poppins-Bold.ttf */ = {isa = PBXFileReference; lastKnownFileType = file; path = "Poppins-Bold.ttf"; sourceTree = "<group>"; };
		526DF7FB2C30DA11008A7818 /* Poppins-Regular.ttf */ = {isa = PBXFileReference; lastKnownFileType = file; path = "Poppins-Regular.ttf"; sourceTree = "<group>"; };
		526DF8092C30DE07008A7818 /* UIView + ext.swift */ = {isa = PBXFileReference; lastKnownFileType = sourcecode.swift; path = "UIView + ext.swift"; sourceTree = "<group>"; };
		526DF80C2C30DE3B008A7818 /* UIStackView + ext.swift */ = {isa = PBXFileReference; lastKnownFileType = sourcecode.swift; path = "UIStackView + ext.swift"; sourceTree = "<group>"; };
/* End PBXFileReference section */

/* Begin PBXFrameworksBuildPhase section */
		526DF7D72C30D84F008A7818 /* Frameworks */ = {
			isa = PBXFrameworksBuildPhase;
			buildActionMask = 2147483647;
			files = (
			);
			runOnlyForDeploymentPostprocessing = 0;
		};
/* End PBXFrameworksBuildPhase section */

/* Begin PBXGroup section */
		245594BF2C34427600F07D86 /* Test */ = {
			isa = PBXGroup;
			children = (
				245594BD2C34426F00F07D86 /* TestVC.swift */,
			);
			path = Test;
			sourceTree = "<group>";
		};
		522898AD2C31DD820013FF87 /* Controller */ = {
			isa = PBXGroup;
			children = (
				526DF7E12C30D84F008A7818 /* LaunchViewController.swift */,
			);
			path = Controller;
			sourceTree = "<group>";
		};
		522898AE2C31DD8D0013FF87 /* View */ = {
			isa = PBXGroup;
			children = (
				522898DA2C337F100013FF87 /* CollectionView + ext */,
				522898B62C32DF400013FF87 /* BRCollectionView.swift */,
				522898D62C32FBBA0013FF87 /* BRFavoritesButton.swift */,
				522898D82C32FD700013FF87 /* BRRatingView.swift */,
				522898C72C32E9730013FF87 /* Header & Footer */,
				522898BA2C32DFC50013FF87 /* Cells */,
				522898B52C32DF310013FF87 /* Controller */,
			);
			path = View;
			sourceTree = "<group>";
		};
		522898AF2C31DD920013FF87 /* Controller */ = {
			isa = PBXGroup;
			children = (
				522898A92C31DD750013FF87 /* TrendingViewController.swift */,
			);
			path = Controller;
			sourceTree = "<group>";
		};
		522898B02C31DD960013FF87 /* Controller */ = {
			isa = PBXGroup;
			children = (
				522898AB2C31DD7B0013FF87 /* DetailViewController.swift */,
			);
			path = Controller;
			sourceTree = "<group>";
		};
		522898B32C32DE6F0013FF87 /* Presenter */ = {
			isa = PBXGroup;
			children = (
				522898DF2C34181C0013FF87 /* MainPresenter.swift */,
			);
			path = Presenter;
			sourceTree = "<group>";
		};
		522898B42C32DE730013FF87 /* Model */ = {
			isa = PBXGroup;
			children = (
				522898D02C32EFC00013FF87 /* BRListItem.swift */,
				522898D22C32F0FC0013FF87 /* BRListSection.swift */,
				522898D42C32F2900013FF87 /* BRMockData.swift */,
			);
			path = Model;
			sourceTree = "<group>";
		};
		522898B52C32DF310013FF87 /* Controller */ = {
			isa = PBXGroup;
			children = (
				522898A72C31DD6A0013FF87 /* MainViewController.swift */,
			);
			path = Controller;
			sourceTree = "<group>";
		};
		522898BA2C32DFC50013FF87 /* Cells */ = {
			isa = PBXGroup;
			children = (
				522898B82C32DFC20013FF87 /* BRTrendingCollectionViewCell.swift */,
				522898BB2C32E0F30013FF87 /* BRCategoryCollectionViewCell.swift */,
				522898C12C32E2200013FF87 /* BRPopularCollectionViewCell.swift */,
				522898BD2C32E12D0013FF87 /* BRRecentCollectionViewCell.swift */,
				522898BF2C32E1820013FF87 /* BRCuisineCollectionViewCell.swift */,
			);
			path = Cells;
			sourceTree = "<group>";
		};
		522898C72C32E9730013FF87 /* Header & Footer */ = {
			isa = PBXGroup;
			children = (
				522898C82C32E9980013FF87 /* BRSeeAllHeader.swift */,
				522898CA2C32E9CA0013FF87 /* BRTrendingFooter.swift */,
			);
			path = "Header & Footer";
			sourceTree = "<group>";
		};
		522898DA2C337F100013FF87 /* CollectionView + ext */ = {
			isa = PBXGroup;
			children = (
				522898DD2C337FB90013FF87 /* CreateCells.swift */,
				522898DB2C337F260013FF87 /* CreateLayout.swift */,
			);
			path = "CollectionView + ext";
			sourceTree = "<group>";
		};
		522898E22C3423880013FF87 /* Builder */ = {
			isa = PBXGroup;
			children = (
				522898E42C34239B0013FF87 /* Builder.swift */,
			);
			path = Builder;
			sourceTree = "<group>";
		};
		522898E32C34238D0013FF87 /* Router */ = {
			isa = PBXGroup;
			children = (
				522898E62C3423AA0013FF87 /* Router.swift */,
			);
			path = Router;
			sourceTree = "<group>";
		};
		522898EC2C3433E70013FF87 /* Presenter */ = {
			isa = PBXGroup;
			children = (
				522898ED2C3433EF0013FF87 /* TrendingPresenter.swift */,
			);
			path = Presenter;
			sourceTree = "<group>";
		};
		526DF7D12C30D84F008A7818 = {
			isa = PBXGroup;
			children = (
				526DF7DC2C30D84F008A7818 /* BestRecipes */,
				526DF7DB2C30D84F008A7818 /* Products */,
			);
			sourceTree = "<group>";
		};
		526DF7DB2C30D84F008A7818 /* Products */ = {
			isa = PBXGroup;
			children = (
				526DF7DA2C30D84F008A7818 /* BestRecipes.app */,
			);
			name = Products;
			sourceTree = "<group>";
		};
		526DF7DC2C30D84F008A7818 /* BestRecipes */ = {
			isa = PBXGroup;
			children = (
				526DF7F22C30D919008A7818 /* App */,
				526DF7F42C30D92C008A7818 /* Service */,
				526DF7FF2C30DBBC008A7818 /* Model */,
				526DF7F32C30D928008A7818 /* Modules */,
				526DF7F52C30D936008A7818 /* Helpers */,
				526DF7F12C30D910008A7818 /* Support */,
			);
			path = BestRecipes;
			sourceTree = "<group>";
		};
		526DF7F12C30D910008A7818 /* Support */ = {
			isa = PBXGroup;
			children = (
				526DF7E62C30D851008A7818 /* Assets.xcassets */,
				526DF7E82C30D851008A7818 /* LaunchScreen.storyboard */,
				526DF7EB2C30D851008A7818 /* Info.plist */,
			);
			path = Support;
			sourceTree = "<group>";
		};
		526DF7F22C30D919008A7818 /* App */ = {
			isa = PBXGroup;
			children = (
				526DF7DD2C30D84F008A7818 /* AppDelegate.swift */,
				526DF7DF2C30D84F008A7818 /* SceneDelegate.swift */,
				522898E22C3423880013FF87 /* Builder */,
				522898E32C34238D0013FF87 /* Router */,
			);
			path = App;
			sourceTree = "<group>";
		};
		526DF7F32C30D928008A7818 /* Modules */ = {
			isa = PBXGroup;
			children = (
				526DF8082C30DCBE008A7818 /* Launch */,
				526DF8012C30DBD2008A7818 /* Onboarding */,
				526DF8002C30DBCB008A7818 /* TabBar */,
				526DF8052C30DBE3008A7818 /* Main */,
				526DF8072C30DC02008A7818 /* Trending */,
				526DF8042C30DBDF008A7818 /* Detail */,
				526DF8062C30DBE7008A7818 /* CreateRecipe */,
				526DF8032C30DBDA008A7818 /* Profile */,
				245594BF2C34427600F07D86 /* Test */,
			);
			path = Modules;
			sourceTree = "<group>";
		};
		526DF7F42C30D92C008A7818 /* Service */ = {
			isa = PBXGroup;
			children = (
				526DF7FE2C30DBAF008A7818 /* NetworkManager */,
			);
			path = Service;
			sourceTree = "<group>";
		};
		526DF7F52C30D936008A7818 /* Helpers */ = {
			isa = PBXGroup;
			children = (
				526DF7F62C30D96E008A7818 /* Extensions */,
				526DF7F72C30D976008A7818 /* Fonts */,
			);
			path = Helpers;
			sourceTree = "<group>";
		};
		526DF7F62C30D96E008A7818 /* Extensions */ = {
			isa = PBXGroup;
			children = (
				526DF8092C30DE07008A7818 /* UIView + ext.swift */,
				526DF80C2C30DE3B008A7818 /* UIStackView + ext.swift */,
				522898C32C32E6220013FF87 /* TextField + ext.swift */,
			);
			path = Extensions;
			sourceTree = "<group>";
		};
		526DF7F72C30D976008A7818 /* Fonts */ = {
			isa = PBXGroup;
			children = (
				526DF7F82C30D98E008A7818 /* Font.swift */,
				526DF7FA2C30DA11008A7818 /* Poppins-Bold.ttf */,
				526DF7FB2C30DA11008A7818 /* Poppins-Regular.ttf */,
			);
			path = Fonts;
			sourceTree = "<group>";
		};
		526DF7FE2C30DBAF008A7818 /* NetworkManager */ = {
			isa = PBXGroup;
			children = (
				522898A12C31DC3D0013FF87 /* Network.swift */,
			);
			path = NetworkManager;
			sourceTree = "<group>";
		};
		526DF7FF2C30DBBC008A7818 /* Model */ = {
			isa = PBXGroup;
			children = (
				522898B12C31DDAB0013FF87 /* Recipe.swift */,
				24AE745F2C3554B900CED2BA /* RecipePreview.swift */,
				24AE745D2C35495F00CED2BA /* SearchResult.swift */,
				245594BB2C34271100F07D86 /* Ingredient.swift */,
			);
			path = Model;
			sourceTree = "<group>";
		};
		526DF8002C30DBCB008A7818 /* TabBar */ = {
			isa = PBXGroup;
			children = (
				522898A52C31DD610013FF87 /* TabBarController.swift */,
			);
			path = TabBar;
			sourceTree = "<group>";
		};
		526DF8012C30DBD2008A7818 /* Onboarding */ = {
			isa = PBXGroup;
			children = (
				522898A32C31DD550013FF87 /* OnboardingViewController.swift */,
			);
			path = Onboarding;
			sourceTree = "<group>";
		};
		526DF8032C30DBDA008A7818 /* Profile */ = {
			isa = PBXGroup;
			children = (
			);
			path = Profile;
			sourceTree = "<group>";
		};
		526DF8042C30DBDF008A7818 /* Detail */ = {
			isa = PBXGroup;
			children = (
				522898B02C31DD960013FF87 /* Controller */,
			);
			path = Detail;
			sourceTree = "<group>";
		};
		526DF8052C30DBE3008A7818 /* Main */ = {
			isa = PBXGroup;
			children = (
				522898B42C32DE730013FF87 /* Model */,
				522898B32C32DE6F0013FF87 /* Presenter */,
				522898AE2C31DD8D0013FF87 /* View */,
			);
			path = Main;
			sourceTree = "<group>";
		};
		526DF8062C30DBE7008A7818 /* CreateRecipe */ = {
			isa = PBXGroup;
			children = (
			);
			path = CreateRecipe;
			sourceTree = "<group>";
		};
		526DF8072C30DC02008A7818 /* Trending */ = {
			isa = PBXGroup;
			children = (
				522898EC2C3433E70013FF87 /* Presenter */,
				522898AF2C31DD920013FF87 /* Controller */,
			);
			path = Trending;
			sourceTree = "<group>";
		};
		526DF8082C30DCBE008A7818 /* Launch */ = {
			isa = PBXGroup;
			children = (
				522898AD2C31DD820013FF87 /* Controller */,
			);
			path = Launch;
			sourceTree = "<group>";
		};
/* End PBXGroup section */

/* Begin PBXNativeTarget section */
		526DF7D92C30D84F008A7818 /* BestRecipes */ = {
			isa = PBXNativeTarget;
			buildConfigurationList = 526DF7EE2C30D851008A7818 /* Build configuration list for PBXNativeTarget "BestRecipes" */;
			buildPhases = (
				526DF7D62C30D84F008A7818 /* Sources */,
				526DF7D72C30D84F008A7818 /* Frameworks */,
				526DF7D82C30D84F008A7818 /* Resources */,
			);
			buildRules = (
			);
			dependencies = (
			);
			name = BestRecipes;
			productName = BestRecipes;
			productReference = 526DF7DA2C30D84F008A7818 /* BestRecipes.app */;
			productType = "com.apple.product-type.application";
		};
/* End PBXNativeTarget section */

/* Begin PBXProject section */
		526DF7D22C30D84F008A7818 /* Project object */ = {
			isa = PBXProject;
			attributes = {
				BuildIndependentTargetsInParallel = 1;
				LastSwiftUpdateCheck = 1530;
				LastUpgradeCheck = 1530;
				TargetAttributes = {
					526DF7D92C30D84F008A7818 = {
						CreatedOnToolsVersion = 15.3;
					};
				};
			};
			buildConfigurationList = 526DF7D52C30D84F008A7818 /* Build configuration list for PBXProject "BestRecipes" */;
			compatibilityVersion = "Xcode 14.0";
			developmentRegion = en;
			hasScannedForEncodings = 0;
			knownRegions = (
				en,
				Base,
			);
			mainGroup = 526DF7D12C30D84F008A7818;
			productRefGroup = 526DF7DB2C30D84F008A7818 /* Products */;
			projectDirPath = "";
			projectRoot = "";
			targets = (
				526DF7D92C30D84F008A7818 /* BestRecipes */,
			);
		};
/* End PBXProject section */

/* Begin PBXResourcesBuildPhase section */
		526DF7D82C30D84F008A7818 /* Resources */ = {
			isa = PBXResourcesBuildPhase;
			buildActionMask = 2147483647;
			files = (
				526DF7E72C30D851008A7818 /* Assets.xcassets in Resources */,
				526DF7FC2C30DA11008A7818 /* Poppins-Bold.ttf in Resources */,
				526DF7EA2C30D851008A7818 /* Base in Resources */,
				526DF7FD2C30DA11008A7818 /* Poppins-Regular.ttf in Resources */,
			);
			runOnlyForDeploymentPostprocessing = 0;
		};
/* End PBXResourcesBuildPhase section */

/* Begin PBXSourcesBuildPhase section */
		526DF7D62C30D84F008A7818 /* Sources */ = {
			isa = PBXSourcesBuildPhase;
			buildActionMask = 2147483647;
			files = (
				526DF7F92C30D98E008A7818 /* Font.swift in Sources */,
				526DF7E22C30D84F008A7818 /* LaunchViewController.swift in Sources */,
				24AE74602C3554B900CED2BA /* RecipePreview.swift in Sources */,
				24AE745E2C35495F00CED2BA /* SearchResult.swift in Sources */,
				245594BC2C34271100F07D86 /* Ingredient.swift in Sources */,
				522898AA2C31DD750013FF87 /* TrendingViewController.swift in Sources */,
				522898D92C32FD700013FF87 /* BRRatingView.swift in Sources */,
				522898AC2C31DD7B0013FF87 /* DetailViewController.swift in Sources */,
				522898CB2C32E9CB0013FF87 /* BRTrendingFooter.swift in Sources */,
				526DF7DE2C30D84F008A7818 /* AppDelegate.swift in Sources */,
				522898C22C32E2200013FF87 /* BRPopularCollectionViewCell.swift in Sources */,
				522898E72C3423AA0013FF87 /* Router.swift in Sources */,
				522898D32C32F0FC0013FF87 /* BRListSection.swift in Sources */,
				522898A62C31DD610013FF87 /* TabBarController.swift in Sources */,
				522898A42C31DD550013FF87 /* OnboardingViewController.swift in Sources */,
				526DF80D2C30DE3B008A7818 /* UIStackView + ext.swift in Sources */,
				522898C42C32E6220013FF87 /* TextField + ext.swift in Sources */,
				526DF7E02C30D84F008A7818 /* SceneDelegate.swift in Sources */,
				522898A22C31DC3D0013FF87 /* Network.swift in Sources */,
				522898B72C32DF400013FF87 /* BRCollectionView.swift in Sources */,
				522898C02C32E1820013FF87 /* BRCuisineCollectionViewCell.swift in Sources */,
				522898B22C31DDAB0013FF87 /* Recipe.swift in Sources */,
				522898BE2C32E12D0013FF87 /* BRRecentCollectionViewCell.swift in Sources */,
				522898DC2C337F260013FF87 /* CreateLayout.swift in Sources */,
				245594BE2C34427000F07D86 /* TestVC.swift in Sources */,
				526DF80A2C30DE07008A7818 /* UIView + ext.swift in Sources */,
				522898D12C32EFC00013FF87 /* BRListItem.swift in Sources */,
				522898D52C32F2900013FF87 /* BRMockData.swift in Sources */,
				522898A82C31DD6A0013FF87 /* MainViewController.swift in Sources */,
				522898E52C34239B0013FF87 /* Builder.swift in Sources */,
				522898BC2C32E0F30013FF87 /* BRCategoryCollectionViewCell.swift in Sources */,
				522898E02C34181C0013FF87 /* MainPresenter.swift in Sources */,
				522898D72C32FBBA0013FF87 /* BRFavoritesButton.swift in Sources */,
				522898B92C32DFC20013FF87 /* BRTrendingCollectionViewCell.swift in Sources */,
				522898DE2C337FB90013FF87 /* CreateCells.swift in Sources */,
				522898EE2C3433EF0013FF87 /* TrendingPresenter.swift in Sources */,
				522898C92C32E9980013FF87 /* BRSeeAllHeader.swift in Sources */,
			);
			runOnlyForDeploymentPostprocessing = 0;
		};
/* End PBXSourcesBuildPhase section */

/* Begin PBXVariantGroup section */
		526DF7E82C30D851008A7818 /* LaunchScreen.storyboard */ = {
			isa = PBXVariantGroup;
			children = (
				526DF7E92C30D851008A7818 /* Base */,
			);
			name = LaunchScreen.storyboard;
			sourceTree = "<group>";
		};
/* End PBXVariantGroup section */

/* Begin XCBuildConfiguration section */
		526DF7EC2C30D851008A7818 /* Debug */ = {
			isa = XCBuildConfiguration;
			buildSettings = {
				ALWAYS_SEARCH_USER_PATHS = NO;
				ASSETCATALOG_COMPILER_GENERATE_SWIFT_ASSET_SYMBOL_EXTENSIONS = YES;
				CLANG_ANALYZER_NONNULL = YES;
				CLANG_ANALYZER_NUMBER_OBJECT_CONVERSION = YES_AGGRESSIVE;
				CLANG_CXX_LANGUAGE_STANDARD = "gnu++20";
				CLANG_ENABLE_MODULES = YES;
				CLANG_ENABLE_OBJC_ARC = YES;
				CLANG_ENABLE_OBJC_WEAK = YES;
				CLANG_WARN_BLOCK_CAPTURE_AUTORELEASING = YES;
				CLANG_WARN_BOOL_CONVERSION = YES;
				CLANG_WARN_COMMA = YES;
				CLANG_WARN_CONSTANT_CONVERSION = YES;
				CLANG_WARN_DEPRECATED_OBJC_IMPLEMENTATIONS = YES;
				CLANG_WARN_DIRECT_OBJC_ISA_USAGE = YES_ERROR;
				CLANG_WARN_DOCUMENTATION_COMMENTS = YES;
				CLANG_WARN_EMPTY_BODY = YES;
				CLANG_WARN_ENUM_CONVERSION = YES;
				CLANG_WARN_INFINITE_RECURSION = YES;
				CLANG_WARN_INT_CONVERSION = YES;
				CLANG_WARN_NON_LITERAL_NULL_CONVERSION = YES;
				CLANG_WARN_OBJC_IMPLICIT_RETAIN_SELF = YES;
				CLANG_WARN_OBJC_LITERAL_CONVERSION = YES;
				CLANG_WARN_OBJC_ROOT_CLASS = YES_ERROR;
				CLANG_WARN_QUOTED_INCLUDE_IN_FRAMEWORK_HEADER = YES;
				CLANG_WARN_RANGE_LOOP_ANALYSIS = YES;
				CLANG_WARN_STRICT_PROTOTYPES = YES;
				CLANG_WARN_SUSPICIOUS_MOVE = YES;
				CLANG_WARN_UNGUARDED_AVAILABILITY = YES_AGGRESSIVE;
				CLANG_WARN_UNREACHABLE_CODE = YES;
				CLANG_WARN__DUPLICATE_METHOD_MATCH = YES;
				COPY_PHASE_STRIP = NO;
				DEBUG_INFORMATION_FORMAT = dwarf;
				ENABLE_STRICT_OBJC_MSGSEND = YES;
				ENABLE_TESTABILITY = YES;
				ENABLE_USER_SCRIPT_SANDBOXING = YES;
				GCC_C_LANGUAGE_STANDARD = gnu17;
				GCC_DYNAMIC_NO_PIC = NO;
				GCC_NO_COMMON_BLOCKS = YES;
				GCC_OPTIMIZATION_LEVEL = 0;
				GCC_PREPROCESSOR_DEFINITIONS = (
					"DEBUG=1",
					"$(inherited)",
				);
				GCC_WARN_64_TO_32_BIT_CONVERSION = YES;
				GCC_WARN_ABOUT_RETURN_TYPE = YES_ERROR;
				GCC_WARN_UNDECLARED_SELECTOR = YES;
				GCC_WARN_UNINITIALIZED_AUTOS = YES_AGGRESSIVE;
				GCC_WARN_UNUSED_FUNCTION = YES;
				GCC_WARN_UNUSED_VARIABLE = YES;
				IPHONEOS_DEPLOYMENT_TARGET = 17.4;
				LOCALIZATION_PREFERS_STRING_CATALOGS = YES;
				MTL_ENABLE_DEBUG_INFO = INCLUDE_SOURCE;
				MTL_FAST_MATH = YES;
				ONLY_ACTIVE_ARCH = YES;
				SDKROOT = iphoneos;
				SWIFT_ACTIVE_COMPILATION_CONDITIONS = "DEBUG $(inherited)";
				SWIFT_OPTIMIZATION_LEVEL = "-Onone";
			};
			name = Debug;
		};
		526DF7ED2C30D851008A7818 /* Release */ = {
			isa = XCBuildConfiguration;
			buildSettings = {
				ALWAYS_SEARCH_USER_PATHS = NO;
				ASSETCATALOG_COMPILER_GENERATE_SWIFT_ASSET_SYMBOL_EXTENSIONS = YES;
				CLANG_ANALYZER_NONNULL = YES;
				CLANG_ANALYZER_NUMBER_OBJECT_CONVERSION = YES_AGGRESSIVE;
				CLANG_CXX_LANGUAGE_STANDARD = "gnu++20";
				CLANG_ENABLE_MODULES = YES;
				CLANG_ENABLE_OBJC_ARC = YES;
				CLANG_ENABLE_OBJC_WEAK = YES;
				CLANG_WARN_BLOCK_CAPTURE_AUTORELEASING = YES;
				CLANG_WARN_BOOL_CONVERSION = YES;
				CLANG_WARN_COMMA = YES;
				CLANG_WARN_CONSTANT_CONVERSION = YES;
				CLANG_WARN_DEPRECATED_OBJC_IMPLEMENTATIONS = YES;
				CLANG_WARN_DIRECT_OBJC_ISA_USAGE = YES_ERROR;
				CLANG_WARN_DOCUMENTATION_COMMENTS = YES;
				CLANG_WARN_EMPTY_BODY = YES;
				CLANG_WARN_ENUM_CONVERSION = YES;
				CLANG_WARN_INFINITE_RECURSION = YES;
				CLANG_WARN_INT_CONVERSION = YES;
				CLANG_WARN_NON_LITERAL_NULL_CONVERSION = YES;
				CLANG_WARN_OBJC_IMPLICIT_RETAIN_SELF = YES;
				CLANG_WARN_OBJC_LITERAL_CONVERSION = YES;
				CLANG_WARN_OBJC_ROOT_CLASS = YES_ERROR;
				CLANG_WARN_QUOTED_INCLUDE_IN_FRAMEWORK_HEADER = YES;
				CLANG_WARN_RANGE_LOOP_ANALYSIS = YES;
				CLANG_WARN_STRICT_PROTOTYPES = YES;
				CLANG_WARN_SUSPICIOUS_MOVE = YES;
				CLANG_WARN_UNGUARDED_AVAILABILITY = YES_AGGRESSIVE;
				CLANG_WARN_UNREACHABLE_CODE = YES;
				CLANG_WARN__DUPLICATE_METHOD_MATCH = YES;
				COPY_PHASE_STRIP = NO;
				DEBUG_INFORMATION_FORMAT = "dwarf-with-dsym";
				ENABLE_NS_ASSERTIONS = NO;
				ENABLE_STRICT_OBJC_MSGSEND = YES;
				ENABLE_USER_SCRIPT_SANDBOXING = YES;
				GCC_C_LANGUAGE_STANDARD = gnu17;
				GCC_NO_COMMON_BLOCKS = YES;
				GCC_WARN_64_TO_32_BIT_CONVERSION = YES;
				GCC_WARN_ABOUT_RETURN_TYPE = YES_ERROR;
				GCC_WARN_UNDECLARED_SELECTOR = YES;
				GCC_WARN_UNINITIALIZED_AUTOS = YES_AGGRESSIVE;
				GCC_WARN_UNUSED_FUNCTION = YES;
				GCC_WARN_UNUSED_VARIABLE = YES;
				IPHONEOS_DEPLOYMENT_TARGET = 17.4;
				LOCALIZATION_PREFERS_STRING_CATALOGS = YES;
				MTL_ENABLE_DEBUG_INFO = NO;
				MTL_FAST_MATH = YES;
				SDKROOT = iphoneos;
				SWIFT_COMPILATION_MODE = wholemodule;
				VALIDATE_PRODUCT = YES;
			};
			name = Release;
		};
		526DF7EF2C30D851008A7818 /* Debug */ = {
			isa = XCBuildConfiguration;
			buildSettings = {
				ASSETCATALOG_COMPILER_APPICON_NAME = AppIcon;
				ASSETCATALOG_COMPILER_GLOBAL_ACCENT_COLOR_NAME = AccentColor;
				CODE_SIGN_STYLE = Automatic;
				CURRENT_PROJECT_VERSION = 1;
				DEVELOPMENT_TEAM = 6P3D789X98;
				GENERATE_INFOPLIST_FILE = YES;
				INFOPLIST_FILE = BestRecipes/Support/Info.plist;
				INFOPLIST_KEY_UIApplicationSupportsIndirectInputEvents = YES;
				INFOPLIST_KEY_UILaunchStoryboardName = LaunchScreen;
				INFOPLIST_KEY_UISupportedInterfaceOrientations = UIInterfaceOrientationPortrait;
				INFOPLIST_KEY_UISupportedInterfaceOrientations_iPad = "UIInterfaceOrientationLandscapeLeft UIInterfaceOrientationLandscapeRight UIInterfaceOrientationPortrait UIInterfaceOrientationPortraitUpsideDown";
				IPHONEOS_DEPLOYMENT_TARGET = 15.0;
				LD_RUNPATH_SEARCH_PATHS = (
					"$(inherited)",
					"@executable_path/Frameworks",
				);
				MARKETING_VERSION = 1.0;
				PRODUCT_BUNDLE_IDENTIFIER = emazrukho.BestRecipes;
				PRODUCT_NAME = "$(TARGET_NAME)";
				SUPPORTED_PLATFORMS = "iphoneos iphonesimulator";
				SUPPORTS_MACCATALYST = NO;
				SUPPORTS_MAC_DESIGNED_FOR_IPHONE_IPAD = NO;
				SUPPORTS_XR_DESIGNED_FOR_IPHONE_IPAD = NO;
				SWIFT_EMIT_LOC_STRINGS = YES;
				SWIFT_VERSION = 5.0;
				TARGETED_DEVICE_FAMILY = 1;
			};
			name = Debug;
		};
		526DF7F02C30D851008A7818 /* Release */ = {
			isa = XCBuildConfiguration;
			buildSettings = {
				ASSETCATALOG_COMPILER_APPICON_NAME = AppIcon;
				ASSETCATALOG_COMPILER_GLOBAL_ACCENT_COLOR_NAME = AccentColor;
				CODE_SIGN_STYLE = Automatic;
				CURRENT_PROJECT_VERSION = 1;
				DEVELOPMENT_TEAM = 6P3D789X98;
				GENERATE_INFOPLIST_FILE = YES;
				INFOPLIST_FILE = BestRecipes/Support/Info.plist;
				INFOPLIST_KEY_UIApplicationSupportsIndirectInputEvents = YES;
				INFOPLIST_KEY_UILaunchStoryboardName = LaunchScreen;
				INFOPLIST_KEY_UISupportedInterfaceOrientations = UIInterfaceOrientationPortrait;
				INFOPLIST_KEY_UISupportedInterfaceOrientations_iPad = "UIInterfaceOrientationLandscapeLeft UIInterfaceOrientationLandscapeRight UIInterfaceOrientationPortrait UIInterfaceOrientationPortraitUpsideDown";
				IPHONEOS_DEPLOYMENT_TARGET = 15.0;
				LD_RUNPATH_SEARCH_PATHS = (
					"$(inherited)",
					"@executable_path/Frameworks",
				);
				MARKETING_VERSION = 1.0;
				PRODUCT_BUNDLE_IDENTIFIER = emazrukho.BestRecipes;
				PRODUCT_NAME = "$(TARGET_NAME)";
				SUPPORTED_PLATFORMS = "iphoneos iphonesimulator";
				SUPPORTS_MACCATALYST = NO;
				SUPPORTS_MAC_DESIGNED_FOR_IPHONE_IPAD = NO;
				SUPPORTS_XR_DESIGNED_FOR_IPHONE_IPAD = NO;
				SWIFT_EMIT_LOC_STRINGS = YES;
				SWIFT_VERSION = 5.0;
				TARGETED_DEVICE_FAMILY = 1;
			};
			name = Release;
		};
/* End XCBuildConfiguration section */

/* Begin XCConfigurationList section */
		526DF7D52C30D84F008A7818 /* Build configuration list for PBXProject "BestRecipes" */ = {
			isa = XCConfigurationList;
			buildConfigurations = (
				526DF7EC2C30D851008A7818 /* Debug */,
				526DF7ED2C30D851008A7818 /* Release */,
			);
			defaultConfigurationIsVisible = 0;
			defaultConfigurationName = Release;
		};
		526DF7EE2C30D851008A7818 /* Build configuration list for PBXNativeTarget "BestRecipes" */ = {
			isa = XCConfigurationList;
			buildConfigurations = (
				526DF7EF2C30D851008A7818 /* Debug */,
				526DF7F02C30D851008A7818 /* Release */,
			);
			defaultConfigurationIsVisible = 0;
			defaultConfigurationName = Release;
		};
/* End XCConfigurationList section */
	};
	rootObject = 526DF7D22C30D84F008A7818 /* Project object */;
}
