// !$*UTF8*$!
{
	archiveVersion = 1;
	classes = {
	};
	objectVersion = 56;
	objects = {

/* Begin PBXBuildFile section */
		245594BC2C34271100F07D86 /* Ingredient.swift in Sources */ = {isa = PBXBuildFile; fileRef = 245594BB2C34271100F07D86 /* Ingredient.swift */; };
		245594BE2C34427000F07D86 /* TestVC.swift in Sources */ = {isa = PBXBuildFile; fileRef = 245594BD2C34426F00F07D86 /* TestVC.swift */; };
		245EF1FD2C43AE6300F89FA4 /* CreateRecipeView.swift in Sources */ = {isa = PBXBuildFile; fileRef = 24ACAAFE2C3DAAF2000DFF02 /* CreateRecipeView.swift */; };
		245EF1FE2C43AE6800F89FA4 /* (null) in Sources */ = {isa = PBXBuildFile; };
		245EF2002C43D1EF00F89FA4 /* CreateRecipeTitleCell.swift in Sources */ = {isa = PBXBuildFile; fileRef = 245EF1FF2C43D1EF00F89FA4 /* CreateRecipeTitleCell.swift */; };
		245EF2022C43D4BA00F89FA4 /* CreateRecipeImageCell.swift in Sources */ = {isa = PBXBuildFile; fileRef = 245EF2012C43D4BA00F89FA4 /* CreateRecipeImageCell.swift */; };
		245EF2032C43D9E500F89FA4 /* CreateRecipeIngredientCell.swift in Sources */ = {isa = PBXBuildFile; fileRef = 24AFE6A42C41B7B600499912 /* CreateRecipeIngredientCell.swift */; };
		245EF2042C43D9E800F89FA4 /* CreateRecipeViewController.swift in Sources */ = {isa = PBXBuildFile; fileRef = 24ACAB032C3ED421000DFF02 /* CreateRecipeViewController.swift */; };
		245EF2062C43DA9400F89FA4 /* CreateRecipeServesessCell.swift in Sources */ = {isa = PBXBuildFile; fileRef = 245EF2052C43DA9400F89FA4 /* CreateRecipeServesessCell.swift */; };
		24ACAB012C3DAB00000DFF02 /* CreateRecipePresenter.swift in Sources */ = {isa = PBXBuildFile; fileRef = 24ACAB002C3DAB00000DFF02 /* CreateRecipePresenter.swift */; };
		24ACAB0A2C40634E000DFF02 /* Instruction.swift in Sources */ = {isa = PBXBuildFile; fileRef = 24ACAB092C40634E000DFF02 /* Instruction.swift */; };
		24AE745E2C35495F00CED2BA /* SearchResult.swift in Sources */ = {isa = PBXBuildFile; fileRef = 24AE745D2C35495F00CED2BA /* SearchResult.swift */; };
		24B6D96B2C371200006F866F /* DataManager.swift in Sources */ = {isa = PBXBuildFile; fileRef = 24B6D96A2C371200006F866F /* DataManager.swift */; };
		24C02B432C432F2C008768F0 /* DetailViewCell.swift in Sources */ = {isa = PBXBuildFile; fileRef = 24C02B422C432F2C008768F0 /* DetailViewCell.swift */; };
		24C02B452C432F58008768F0 /* RecipeDetailModel.swift in Sources */ = {isa = PBXBuildFile; fileRef = 24C02B442C432F58008768F0 /* RecipeDetailModel.swift */; };
		24C02B472C432FB9008768F0 /* DetailText.swift in Sources */ = {isa = PBXBuildFile; fileRef = 24C02B462C432FB9008768F0 /* DetailText.swift */; };
		24C02B492C433002008768F0 /* DetailPresenter.swift in Sources */ = {isa = PBXBuildFile; fileRef = 24C02B482C433002008768F0 /* DetailPresenter.swift */; };
		24C02B4B2C43301C008768F0 /* DetailCheckBox.swift in Sources */ = {isa = PBXBuildFile; fileRef = 24C02B4A2C43301C008768F0 /* DetailCheckBox.swift */; };
		24C02B4F2C43306E008768F0 /* DetailView.swift in Sources */ = {isa = PBXBuildFile; fileRef = 24C02B4E2C43306E008768F0 /* DetailView.swift */; };
		522898A22C31DC3D0013FF87 /* Network.swift in Sources */ = {isa = PBXBuildFile; fileRef = 522898A12C31DC3D0013FF87 /* Network.swift */; };
		522898A42C31DD550013FF87 /* OnboardingViewController.swift in Sources */ = {isa = PBXBuildFile; fileRef = 522898A32C31DD550013FF87 /* OnboardingViewController.swift */; };
		522898A82C31DD6A0013FF87 /* MainViewController.swift in Sources */ = {isa = PBXBuildFile; fileRef = 522898A72C31DD6A0013FF87 /* MainViewController.swift */; };
		522898AC2C31DD7B0013FF87 /* DetailViewController.swift in Sources */ = {isa = PBXBuildFile; fileRef = 522898AB2C31DD7B0013FF87 /* DetailViewController.swift */; };
		522898B22C31DDAB0013FF87 /* Recipe.swift in Sources */ = {isa = PBXBuildFile; fileRef = 522898B12C31DDAB0013FF87 /* Recipe.swift */; };
		522898B72C32DF400013FF87 /* BRCollectionView.swift in Sources */ = {isa = PBXBuildFile; fileRef = 522898B62C32DF400013FF87 /* BRCollectionView.swift */; };
		522898B92C32DFC20013FF87 /* BRTrendingCollectionViewCell.swift in Sources */ = {isa = PBXBuildFile; fileRef = 522898B82C32DFC20013FF87 /* BRTrendingCollectionViewCell.swift */; };
		522898BC2C32E0F30013FF87 /* BRCategoryCollectionViewCell.swift in Sources */ = {isa = PBXBuildFile; fileRef = 522898BB2C32E0F30013FF87 /* BRCategoryCollectionViewCell.swift */; };
		522898BE2C32E12D0013FF87 /* BRRecentCollectionViewCell.swift in Sources */ = {isa = PBXBuildFile; fileRef = 522898BD2C32E12D0013FF87 /* BRRecentCollectionViewCell.swift */; };
		522898C02C32E1820013FF87 /* BRCuisineCollectionViewCell.swift in Sources */ = {isa = PBXBuildFile; fileRef = 522898BF2C32E1820013FF87 /* BRCuisineCollectionViewCell.swift */; };
		522898C22C32E2200013FF87 /* BRPopularCollectionViewCell.swift in Sources */ = {isa = PBXBuildFile; fileRef = 522898C12C32E2200013FF87 /* BRPopularCollectionViewCell.swift */; };
		522898C42C32E6220013FF87 /* TextField + Extensions.swift in Sources */ = {isa = PBXBuildFile; fileRef = 522898C32C32E6220013FF87 /* TextField + Extensions.swift */; };
		522898C92C32E9980013FF87 /* BRSeeAllHeader.swift in Sources */ = {isa = PBXBuildFile; fileRef = 522898C82C32E9980013FF87 /* BRSeeAllHeader.swift */; };
		522898CB2C32E9CB0013FF87 /* BRTrendingFooter.swift in Sources */ = {isa = PBXBuildFile; fileRef = 522898CA2C32E9CA0013FF87 /* BRTrendingFooter.swift */; };
		522898D32C32F0FC0013FF87 /* BRSection.swift in Sources */ = {isa = PBXBuildFile; fileRef = 522898D22C32F0FC0013FF87 /* BRSection.swift */; };
		522898D52C32F2900013FF87 /* BRMockData.swift in Sources */ = {isa = PBXBuildFile; fileRef = 522898D42C32F2900013FF87 /* BRMockData.swift */; };
		522898D72C32FBBA0013FF87 /* BRFavoritesButton.swift in Sources */ = {isa = PBXBuildFile; fileRef = 522898D62C32FBBA0013FF87 /* BRFavoritesButton.swift */; };
		522898D92C32FD700013FF87 /* BRRatingView.swift in Sources */ = {isa = PBXBuildFile; fileRef = 522898D82C32FD700013FF87 /* BRRatingView.swift */; };
		522898E02C34181C0013FF87 /* MainPresenter.swift in Sources */ = {isa = PBXBuildFile; fileRef = 522898DF2C34181C0013FF87 /* MainPresenter.swift */; };
		522898E52C34239B0013FF87 /* Builder.swift in Sources */ = {isa = PBXBuildFile; fileRef = 522898E42C34239B0013FF87 /* Builder.swift */; };
		522898E72C3423AA0013FF87 /* Router.swift in Sources */ = {isa = PBXBuildFile; fileRef = 522898E62C3423AA0013FF87 /* Router.swift */; };
		522898F42C36D8360013FF87 /* BRCategoryModel.swift in Sources */ = {isa = PBXBuildFile; fileRef = 522898F32C36D8360013FF87 /* BRCategoryModel.swift */; };
		522898FD2C3AFD940013FF87 /* BRTrendingModel.swift in Sources */ = {isa = PBXBuildFile; fileRef = 522898FC2C3AFD940013FF87 /* BRTrendingModel.swift */; };
		522898FF2C3B1D220013FF87 /* BRPopularModel.swift in Sources */ = {isa = PBXBuildFile; fileRef = 522898FE2C3B1D220013FF87 /* BRPopularModel.swift */; };
		522899012C3B1D510013FF87 /* BRCuisineModel.swift in Sources */ = {isa = PBXBuildFile; fileRef = 522899002C3B1D510013FF87 /* BRCuisineModel.swift */; };
		522899522C3D802E0013FF87 /* BRRecentModel.swift in Sources */ = {isa = PBXBuildFile; fileRef = 522899512C3D802E0013FF87 /* BRRecentModel.swift */; };
		522899552C40605B0013FF87 /* BRRecentPlaceholderCell.swift in Sources */ = {isa = PBXBuildFile; fileRef = 522899542C40605B0013FF87 /* BRRecentPlaceholderCell.swift */; };
		522899572C40A5610013FF87 /* BRAuthorsModel.swift in Sources */ = {isa = PBXBuildFile; fileRef = 522899562C40A5610013FF87 /* BRAuthorsModel.swift */; };
		526DF7DE2C30D84F008A7818 /* AppDelegate.swift in Sources */ = {isa = PBXBuildFile; fileRef = 526DF7DD2C30D84F008A7818 /* AppDelegate.swift */; };
		526DF7E02C30D84F008A7818 /* SceneDelegate.swift in Sources */ = {isa = PBXBuildFile; fileRef = 526DF7DF2C30D84F008A7818 /* SceneDelegate.swift */; };
		526DF7E22C30D84F008A7818 /* LaunchViewController.swift in Sources */ = {isa = PBXBuildFile; fileRef = 526DF7E12C30D84F008A7818 /* LaunchViewController.swift */; };
		526DF7E72C30D851008A7818 /* Assets.xcassets in Resources */ = {isa = PBXBuildFile; fileRef = 526DF7E62C30D851008A7818 /* Assets.xcassets */; };
		526DF7EA2C30D851008A7818 /* Base in Resources */ = {isa = PBXBuildFile; fileRef = 526DF7E92C30D851008A7818 /* Base */; };
		526DF7F92C30D98E008A7818 /* Font.swift in Sources */ = {isa = PBXBuildFile; fileRef = 526DF7F82C30D98E008A7818 /* Font.swift */; };
		526DF7FC2C30DA11008A7818 /* Poppins-Bold.ttf in Resources */ = {isa = PBXBuildFile; fileRef = 526DF7FA2C30DA11008A7818 /* Poppins-Bold.ttf */; };
		526DF7FD2C30DA11008A7818 /* Poppins-Regular.ttf in Resources */ = {isa = PBXBuildFile; fileRef = 526DF7FB2C30DA11008A7818 /* Poppins-Regular.ttf */; };
		526DF80A2C30DE07008A7818 /* UIView + Extensions.swift in Sources */ = {isa = PBXBuildFile; fileRef = 526DF8092C30DE07008A7818 /* UIView + Extensions.swift */; };
		526DF80D2C30DE3B008A7818 /* UIStackView + Extensions.swift in Sources */ = {isa = PBXBuildFile; fileRef = 526DF80C2C30DE3B008A7818 /* UIStackView + Extensions.swift */; };
		C636A0402C4D82F400736F80 /* ProfilePresenter.swift in Sources */ = {isa = PBXBuildFile; fileRef = C636A03F2C4D82F400736F80 /* ProfilePresenter.swift */; };
		C636A0422C4D844700736F80 /* ProfileView.swift in Sources */ = {isa = PBXBuildFile; fileRef = C636A0412C4D844700736F80 /* ProfileView.swift */; };
		C65550052C3C4E160016FF73 /* SearchViewController.swift in Sources */ = {isa = PBXBuildFile; fileRef = C65550042C3C4E160016FF73 /* SearchViewController.swift */; };
		C65550072C3C4E350016FF73 /* SearchPresenter.swift in Sources */ = {isa = PBXBuildFile; fileRef = C65550062C3C4E350016FF73 /* SearchPresenter.swift */; };
		C65550092C3C4F5D0016FF73 /* SearchView.swift in Sources */ = {isa = PBXBuildFile; fileRef = C65550082C3C4F5D0016FF73 /* SearchView.swift */; };
		C65F73282C3DA01D007D1B4D /* MyRecipesCollectionCell.swift in Sources */ = {isa = PBXBuildFile; fileRef = C65F73272C3DA01D007D1B4D /* MyRecipesCollectionCell.swift */; };
		C6654C452C3E56B000969C1D /* UILabel + Extensions.swift in Sources */ = {isa = PBXBuildFile; fileRef = C6654C442C3E56B000969C1D /* UILabel + Extensions.swift */; };
		C6654C472C3E593B00969C1D /* UIImageView + Extensions.swift in Sources */ = {isa = PBXBuildFile; fileRef = C6654C462C3E593B00969C1D /* UIImageView + Extensions.swift */; };
		C684E79A2C35997400F8164A /* CustomTabBarController.swift in Sources */ = {isa = PBXBuildFile; fileRef = C684E7972C35997400F8164A /* CustomTabBarController.swift */; };
		C684E79B2C35997400F8164A /* CustomTabBar.swift in Sources */ = {isa = PBXBuildFile; fileRef = C684E7982C35997400F8164A /* CustomTabBar.swift */; };
		C684E7A02C35998A00F8164A /* TabBarShape.swift in Sources */ = {isa = PBXBuildFile; fileRef = C684E79E2C35998A00F8164A /* TabBarShape.swift */; };
		C684E7A12C35998A00F8164A /* PlusButton.swift in Sources */ = {isa = PBXBuildFile; fileRef = C684E79F2C35998A00F8164A /* PlusButton.swift */; };
		C690296B2C37369B00E4F985 /* NotificationViewController.swift in Sources */ = {isa = PBXBuildFile; fileRef = C690296A2C37369B00E4F985 /* NotificationViewController.swift */; };
		C690296D2C3736B600E4F985 /* ProfileViewController.swift in Sources */ = {isa = PBXBuildFile; fileRef = C690296C2C3736B600E4F985 /* ProfileViewController.swift */; };
		C69443802C3E68A3009D9FA7 /* SearchHeaderView.swift in Sources */ = {isa = PBXBuildFile; fileRef = C694437F2C3E68A3009D9FA7 /* SearchHeaderView.swift */; };
		C6A3A7372C41AE3E0079B648 /* EmptyCollectionCell.swift in Sources */ = {isa = PBXBuildFile; fileRef = C6A3A7362C41AE3E0079B648 /* EmptyCollectionCell.swift */; };
		C6AB90172C386C7400C2D719 /* Constants.swift in Sources */ = {isa = PBXBuildFile; fileRef = C6AB90162C386C7400C2D719 /* Constants.swift */; };
		C6AB90192C386EF700C2D719 /* Poppins-SemiBold.ttf in Resources */ = {isa = PBXBuildFile; fileRef = C6AB90182C386EF600C2D719 /* Poppins-SemiBold.ttf */; };
		C6BEC2FF2C42DF7F00256140 /* TrendingPresenter.swift in Sources */ = {isa = PBXBuildFile; fileRef = C6BEC2FE2C42DF7F00256140 /* TrendingPresenter.swift */; };
		C6BEC3052C42DFDF00256140 /* TrendingViewCell.swift in Sources */ = {isa = PBXBuildFile; fileRef = C6BEC3042C42DFDF00256140 /* TrendingViewCell.swift */; };
		C6BEC3072C42DFF300256140 /* TrendingView.swift in Sources */ = {isa = PBXBuildFile; fileRef = C6BEC3062C42DFF300256140 /* TrendingView.swift */; };
		C6BEC3092C42E00000256140 /* TrendingViewController.swift in Sources */ = {isa = PBXBuildFile; fileRef = C6BEC3082C42E00000256140 /* TrendingViewController.swift */; };
		C6EC28792C492DEC00BE5252 /* ScreenSizeManager.swift in Sources */ = {isa = PBXBuildFile; fileRef = C6EC28782C492DEC00BE5252 /* ScreenSizeManager.swift */; };
		C6F7D8AA2C4654B900441D0E /* NSLayoutConstraint + Extensions.swift in Sources */ = {isa = PBXBuildFile; fileRef = C6F7D8A92C4654B900441D0E /* NSLayoutConstraint + Extensions.swift */; };
		C6FC31F82C3F18DE00F5191F /* UIButton + Extensions.swift in Sources */ = {isa = PBXBuildFile; fileRef = C6FC31F72C3F18DE00F5191F /* UIButton + Extensions.swift */; };
		FC5826182C43077100726275 /* FavoritePresenter.swift in Sources */ = {isa = PBXBuildFile; fileRef = FC5826172C43077100726275 /* FavoritePresenter.swift */; };
		FC58261A2C43078900726275 /* FavoriteViewController.swift in Sources */ = {isa = PBXBuildFile; fileRef = FC5826192C43078900726275 /* FavoriteViewController.swift */; };
		FC58261C2C4307BF00726275 /* FavoriteTableView.swift in Sources */ = {isa = PBXBuildFile; fileRef = FC58261B2C4307BF00726275 /* FavoriteTableView.swift */; };
		FC58261E2C4307DF00726275 /* FavoriteTableViewCell.swift in Sources */ = {isa = PBXBuildFile; fileRef = FC58261D2C4307DF00726275 /* FavoriteTableViewCell.swift */; };
/* End PBXBuildFile section */

/* Begin PBXFileReference section */
		245594BB2C34271100F07D86 /* Ingredient.swift */ = {isa = PBXFileReference; lastKnownFileType = sourcecode.swift; path = Ingredient.swift; sourceTree = "<group>"; };
		245594BD2C34426F00F07D86 /* TestVC.swift */ = {isa = PBXFileReference; lastKnownFileType = sourcecode.swift; path = TestVC.swift; sourceTree = "<group>"; };
		245EF1FF2C43D1EF00F89FA4 /* CreateRecipeTitleCell.swift */ = {isa = PBXFileReference; lastKnownFileType = sourcecode.swift; path = CreateRecipeTitleCell.swift; sourceTree = "<group>"; };
		245EF2012C43D4BA00F89FA4 /* CreateRecipeImageCell.swift */ = {isa = PBXFileReference; lastKnownFileType = sourcecode.swift; path = CreateRecipeImageCell.swift; sourceTree = "<group>"; };
		245EF2052C43DA9400F89FA4 /* CreateRecipeServesessCell.swift */ = {isa = PBXFileReference; lastKnownFileType = sourcecode.swift; path = CreateRecipeServesessCell.swift; sourceTree = "<group>"; };
		24ACAAFE2C3DAAF2000DFF02 /* CreateRecipeView.swift */ = {isa = PBXFileReference; lastKnownFileType = sourcecode.swift; path = CreateRecipeView.swift; sourceTree = "<group>"; };
		24ACAB002C3DAB00000DFF02 /* CreateRecipePresenter.swift */ = {isa = PBXFileReference; lastKnownFileType = sourcecode.swift; path = CreateRecipePresenter.swift; sourceTree = "<group>"; };
		24ACAB032C3ED421000DFF02 /* CreateRecipeViewController.swift */ = {isa = PBXFileReference; lastKnownFileType = sourcecode.swift; path = CreateRecipeViewController.swift; sourceTree = "<group>"; };
		24ACAB092C40634E000DFF02 /* Instruction.swift */ = {isa = PBXFileReference; lastKnownFileType = sourcecode.swift; path = Instruction.swift; sourceTree = "<group>"; };
		24AE745D2C35495F00CED2BA /* SearchResult.swift */ = {isa = PBXFileReference; lastKnownFileType = sourcecode.swift; path = SearchResult.swift; sourceTree = "<group>"; };
		24AFE6A42C41B7B600499912 /* CreateRecipeIngredientCell.swift */ = {isa = PBXFileReference; lastKnownFileType = sourcecode.swift; path = CreateRecipeIngredientCell.swift; sourceTree = "<group>"; };
		24B6D96A2C371200006F866F /* DataManager.swift */ = {isa = PBXFileReference; lastKnownFileType = sourcecode.swift; path = DataManager.swift; sourceTree = "<group>"; };
		24C02B422C432F2C008768F0 /* DetailViewCell.swift */ = {isa = PBXFileReference; lastKnownFileType = sourcecode.swift; path = DetailViewCell.swift; sourceTree = "<group>"; };
		24C02B442C432F58008768F0 /* RecipeDetailModel.swift */ = {isa = PBXFileReference; lastKnownFileType = sourcecode.swift; path = RecipeDetailModel.swift; sourceTree = "<group>"; };
		24C02B462C432FB9008768F0 /* DetailText.swift */ = {isa = PBXFileReference; lastKnownFileType = sourcecode.swift; path = DetailText.swift; sourceTree = "<group>"; };
		24C02B482C433002008768F0 /* DetailPresenter.swift */ = {isa = PBXFileReference; lastKnownFileType = sourcecode.swift; path = DetailPresenter.swift; sourceTree = "<group>"; };
		24C02B4A2C43301C008768F0 /* DetailCheckBox.swift */ = {isa = PBXFileReference; lastKnownFileType = sourcecode.swift; path = DetailCheckBox.swift; sourceTree = "<group>"; };
		24C02B4E2C43306E008768F0 /* DetailView.swift */ = {isa = PBXFileReference; lastKnownFileType = sourcecode.swift; path = DetailView.swift; sourceTree = "<group>"; };
		522898A12C31DC3D0013FF87 /* Network.swift */ = {isa = PBXFileReference; lastKnownFileType = sourcecode.swift; path = Network.swift; sourceTree = "<group>"; };
		522898A32C31DD550013FF87 /* OnboardingViewController.swift */ = {isa = PBXFileReference; lastKnownFileType = sourcecode.swift; path = OnboardingViewController.swift; sourceTree = "<group>"; };
		522898A72C31DD6A0013FF87 /* MainViewController.swift */ = {isa = PBXFileReference; lastKnownFileType = sourcecode.swift; path = MainViewController.swift; sourceTree = "<group>"; };
		522898AB2C31DD7B0013FF87 /* DetailViewController.swift */ = {isa = PBXFileReference; lastKnownFileType = sourcecode.swift; path = DetailViewController.swift; sourceTree = "<group>"; };
		522898B12C31DDAB0013FF87 /* Recipe.swift */ = {isa = PBXFileReference; lastKnownFileType = sourcecode.swift; path = Recipe.swift; sourceTree = "<group>"; };
		522898B62C32DF400013FF87 /* BRCollectionView.swift */ = {isa = PBXFileReference; lastKnownFileType = sourcecode.swift; path = BRCollectionView.swift; sourceTree = "<group>"; };
		522898B82C32DFC20013FF87 /* BRTrendingCollectionViewCell.swift */ = {isa = PBXFileReference; lastKnownFileType = sourcecode.swift; path = BRTrendingCollectionViewCell.swift; sourceTree = "<group>"; };
		522898BB2C32E0F30013FF87 /* BRCategoryCollectionViewCell.swift */ = {isa = PBXFileReference; lastKnownFileType = sourcecode.swift; path = BRCategoryCollectionViewCell.swift; sourceTree = "<group>"; };
		522898BD2C32E12D0013FF87 /* BRRecentCollectionViewCell.swift */ = {isa = PBXFileReference; lastKnownFileType = sourcecode.swift; path = BRRecentCollectionViewCell.swift; sourceTree = "<group>"; };
		522898BF2C32E1820013FF87 /* BRCuisineCollectionViewCell.swift */ = {isa = PBXFileReference; lastKnownFileType = sourcecode.swift; path = BRCuisineCollectionViewCell.swift; sourceTree = "<group>"; };
		522898C12C32E2200013FF87 /* BRPopularCollectionViewCell.swift */ = {isa = PBXFileReference; lastKnownFileType = sourcecode.swift; path = BRPopularCollectionViewCell.swift; sourceTree = "<group>"; };
		522898C32C32E6220013FF87 /* TextField + Extensions.swift */ = {isa = PBXFileReference; lastKnownFileType = sourcecode.swift; path = "TextField + Extensions.swift"; sourceTree = "<group>"; };
		522898C82C32E9980013FF87 /* BRSeeAllHeader.swift */ = {isa = PBXFileReference; lastKnownFileType = sourcecode.swift; path = BRSeeAllHeader.swift; sourceTree = "<group>"; };
		522898CA2C32E9CA0013FF87 /* BRTrendingFooter.swift */ = {isa = PBXFileReference; lastKnownFileType = sourcecode.swift; path = BRTrendingFooter.swift; sourceTree = "<group>"; };
		522898D22C32F0FC0013FF87 /* BRSection.swift */ = {isa = PBXFileReference; lastKnownFileType = sourcecode.swift; path = BRSection.swift; sourceTree = "<group>"; };
		522898D42C32F2900013FF87 /* BRMockData.swift */ = {isa = PBXFileReference; lastKnownFileType = sourcecode.swift; path = BRMockData.swift; sourceTree = "<group>"; };
		522898D62C32FBBA0013FF87 /* BRFavoritesButton.swift */ = {isa = PBXFileReference; lastKnownFileType = sourcecode.swift; path = BRFavoritesButton.swift; sourceTree = "<group>"; };
		522898D82C32FD700013FF87 /* BRRatingView.swift */ = {isa = PBXFileReference; lastKnownFileType = sourcecode.swift; path = BRRatingView.swift; sourceTree = "<group>"; };
		522898DF2C34181C0013FF87 /* MainPresenter.swift */ = {isa = PBXFileReference; lastKnownFileType = sourcecode.swift; path = MainPresenter.swift; sourceTree = "<group>"; };
		522898E42C34239B0013FF87 /* Builder.swift */ = {isa = PBXFileReference; lastKnownFileType = sourcecode.swift; path = Builder.swift; sourceTree = "<group>"; };
		522898E62C3423AA0013FF87 /* Router.swift */ = {isa = PBXFileReference; lastKnownFileType = sourcecode.swift; path = Router.swift; sourceTree = "<group>"; };
		522898F32C36D8360013FF87 /* BRCategoryModel.swift */ = {isa = PBXFileReference; lastKnownFileType = sourcecode.swift; path = BRCategoryModel.swift; sourceTree = "<group>"; };
		522898FC2C3AFD940013FF87 /* BRTrendingModel.swift */ = {isa = PBXFileReference; lastKnownFileType = sourcecode.swift; path = BRTrendingModel.swift; sourceTree = "<group>"; };
		522898FE2C3B1D220013FF87 /* BRPopularModel.swift */ = {isa = PBXFileReference; lastKnownFileType = sourcecode.swift; path = BRPopularModel.swift; sourceTree = "<group>"; };
		522899002C3B1D510013FF87 /* BRCuisineModel.swift */ = {isa = PBXFileReference; lastKnownFileType = sourcecode.swift; path = BRCuisineModel.swift; sourceTree = "<group>"; };
		522899512C3D802E0013FF87 /* BRRecentModel.swift */ = {isa = PBXFileReference; lastKnownFileType = sourcecode.swift; path = BRRecentModel.swift; sourceTree = "<group>"; };
		522899542C40605B0013FF87 /* BRRecentPlaceholderCell.swift */ = {isa = PBXFileReference; lastKnownFileType = sourcecode.swift; path = BRRecentPlaceholderCell.swift; sourceTree = "<group>"; };
		522899562C40A5610013FF87 /* BRAuthorsModel.swift */ = {isa = PBXFileReference; lastKnownFileType = sourcecode.swift; path = BRAuthorsModel.swift; sourceTree = "<group>"; };
		526DF7DA2C30D84F008A7818 /* BestRecipes.app */ = {isa = PBXFileReference; explicitFileType = wrapper.application; includeInIndex = 0; path = BestRecipes.app; sourceTree = BUILT_PRODUCTS_DIR; };
		526DF7DD2C30D84F008A7818 /* AppDelegate.swift */ = {isa = PBXFileReference; lastKnownFileType = sourcecode.swift; path = AppDelegate.swift; sourceTree = "<group>"; };
		526DF7DF2C30D84F008A7818 /* SceneDelegate.swift */ = {isa = PBXFileReference; lastKnownFileType = sourcecode.swift; path = SceneDelegate.swift; sourceTree = "<group>"; };
		526DF7E12C30D84F008A7818 /* LaunchViewController.swift */ = {isa = PBXFileReference; lastKnownFileType = sourcecode.swift; path = LaunchViewController.swift; sourceTree = "<group>"; };
		526DF7E62C30D851008A7818 /* Assets.xcassets */ = {isa = PBXFileReference; lastKnownFileType = folder.assetcatalog; path = Assets.xcassets; sourceTree = "<group>"; };
		526DF7E92C30D851008A7818 /* Base */ = {isa = PBXFileReference; lastKnownFileType = file.storyboard; name = Base; path = Base.lproj/LaunchScreen.storyboard; sourceTree = "<group>"; };
		526DF7EB2C30D851008A7818 /* Info.plist */ = {isa = PBXFileReference; lastKnownFileType = text.plist.xml; path = Info.plist; sourceTree = "<group>"; };
		526DF7F82C30D98E008A7818 /* Font.swift */ = {isa = PBXFileReference; lastKnownFileType = sourcecode.swift; path = Font.swift; sourceTree = "<group>"; };
		526DF7FA2C30DA11008A7818 /* Poppins-Bold.ttf */ = {isa = PBXFileReference; lastKnownFileType = file; path = "Poppins-Bold.ttf"; sourceTree = "<group>"; };
		526DF7FB2C30DA11008A7818 /* Poppins-Regular.ttf */ = {isa = PBXFileReference; lastKnownFileType = file; path = "Poppins-Regular.ttf"; sourceTree = "<group>"; };
		526DF8092C30DE07008A7818 /* UIView + Extensions.swift */ = {isa = PBXFileReference; lastKnownFileType = sourcecode.swift; path = "UIView + Extensions.swift"; sourceTree = "<group>"; };
		526DF80C2C30DE3B008A7818 /* UIStackView + Extensions.swift */ = {isa = PBXFileReference; lastKnownFileType = sourcecode.swift; path = "UIStackView + Extensions.swift"; sourceTree = "<group>"; };
		C636A03F2C4D82F400736F80 /* ProfilePresenter.swift */ = {isa = PBXFileReference; lastKnownFileType = sourcecode.swift; path = ProfilePresenter.swift; sourceTree = "<group>"; };
		C636A0412C4D844700736F80 /* ProfileView.swift */ = {isa = PBXFileReference; lastKnownFileType = sourcecode.swift; path = ProfileView.swift; sourceTree = "<group>"; };
		C65550042C3C4E160016FF73 /* SearchViewController.swift */ = {isa = PBXFileReference; lastKnownFileType = sourcecode.swift; path = SearchViewController.swift; sourceTree = "<group>"; };
		C65550062C3C4E350016FF73 /* SearchPresenter.swift */ = {isa = PBXFileReference; lastKnownFileType = sourcecode.swift; path = SearchPresenter.swift; sourceTree = "<group>"; };
		C65550082C3C4F5D0016FF73 /* SearchView.swift */ = {isa = PBXFileReference; lastKnownFileType = sourcecode.swift; path = SearchView.swift; sourceTree = "<group>"; };
		C65F73272C3DA01D007D1B4D /* MyRecipesCollectionCell.swift */ = {isa = PBXFileReference; lastKnownFileType = sourcecode.swift; path = MyRecipesCollectionCell.swift; sourceTree = "<group>"; };
		C6654C442C3E56B000969C1D /* UILabel + Extensions.swift */ = {isa = PBXFileReference; lastKnownFileType = sourcecode.swift; path = "UILabel + Extensions.swift"; sourceTree = "<group>"; };
		C6654C462C3E593B00969C1D /* UIImageView + Extensions.swift */ = {isa = PBXFileReference; lastKnownFileType = sourcecode.swift; path = "UIImageView + Extensions.swift"; sourceTree = "<group>"; };
		C684E7972C35997400F8164A /* CustomTabBarController.swift */ = {isa = PBXFileReference; fileEncoding = 4; lastKnownFileType = sourcecode.swift; path = CustomTabBarController.swift; sourceTree = "<group>"; };
		C684E7982C35997400F8164A /* CustomTabBar.swift */ = {isa = PBXFileReference; fileEncoding = 4; lastKnownFileType = sourcecode.swift; path = CustomTabBar.swift; sourceTree = "<group>"; };
		C684E79E2C35998A00F8164A /* TabBarShape.swift */ = {isa = PBXFileReference; fileEncoding = 4; lastKnownFileType = sourcecode.swift; path = TabBarShape.swift; sourceTree = "<group>"; };
		C684E79F2C35998A00F8164A /* PlusButton.swift */ = {isa = PBXFileReference; fileEncoding = 4; lastKnownFileType = sourcecode.swift; path = PlusButton.swift; sourceTree = "<group>"; };
		C690296A2C37369B00E4F985 /* NotificationViewController.swift */ = {isa = PBXFileReference; lastKnownFileType = sourcecode.swift; path = NotificationViewController.swift; sourceTree = "<group>"; };
		C690296C2C3736B600E4F985 /* ProfileViewController.swift */ = {isa = PBXFileReference; lastKnownFileType = sourcecode.swift; path = ProfileViewController.swift; sourceTree = "<group>"; };
		C694437F2C3E68A3009D9FA7 /* SearchHeaderView.swift */ = {isa = PBXFileReference; lastKnownFileType = sourcecode.swift; path = SearchHeaderView.swift; sourceTree = "<group>"; };
		C6A3A7362C41AE3E0079B648 /* EmptyCollectionCell.swift */ = {isa = PBXFileReference; lastKnownFileType = sourcecode.swift; path = EmptyCollectionCell.swift; sourceTree = "<group>"; };
		C6AB90162C386C7400C2D719 /* Constants.swift */ = {isa = PBXFileReference; lastKnownFileType = sourcecode.swift; path = Constants.swift; sourceTree = "<group>"; };
		C6AB90182C386EF600C2D719 /* Poppins-SemiBold.ttf */ = {isa = PBXFileReference; lastKnownFileType = file; path = "Poppins-SemiBold.ttf"; sourceTree = "<group>"; };
		C6BEC2FE2C42DF7F00256140 /* TrendingPresenter.swift */ = {isa = PBXFileReference; lastKnownFileType = sourcecode.swift; path = TrendingPresenter.swift; sourceTree = "<group>"; };
		C6BEC3042C42DFDF00256140 /* TrendingViewCell.swift */ = {isa = PBXFileReference; lastKnownFileType = sourcecode.swift; name = TrendingViewCell.swift; path = BestRecipes/Modules/Trending/Presenter/TrendingViewCell.swift; sourceTree = SOURCE_ROOT; };
		C6BEC3062C42DFF300256140 /* TrendingView.swift */ = {isa = PBXFileReference; lastKnownFileType = sourcecode.swift; path = TrendingView.swift; sourceTree = "<group>"; };
		C6BEC3082C42E00000256140 /* TrendingViewController.swift */ = {isa = PBXFileReference; lastKnownFileType = sourcecode.swift; path = TrendingViewController.swift; sourceTree = "<group>"; };
		C6EC28782C492DEC00BE5252 /* ScreenSizeManager.swift */ = {isa = PBXFileReference; lastKnownFileType = sourcecode.swift; path = ScreenSizeManager.swift; sourceTree = "<group>"; };
		C6F7D8A92C4654B900441D0E /* NSLayoutConstraint + Extensions.swift */ = {isa = PBXFileReference; lastKnownFileType = sourcecode.swift; path = "NSLayoutConstraint + Extensions.swift"; sourceTree = "<group>"; };
		C6FC31F72C3F18DE00F5191F /* UIButton + Extensions.swift */ = {isa = PBXFileReference; lastKnownFileType = sourcecode.swift; path = "UIButton + Extensions.swift"; sourceTree = "<group>"; };
		FC5826172C43077100726275 /* FavoritePresenter.swift */ = {isa = PBXFileReference; lastKnownFileType = sourcecode.swift; path = FavoritePresenter.swift; sourceTree = "<group>"; };
		FC5826192C43078900726275 /* FavoriteViewController.swift */ = {isa = PBXFileReference; lastKnownFileType = sourcecode.swift; path = FavoriteViewController.swift; sourceTree = "<group>"; };
		FC58261B2C4307BF00726275 /* FavoriteTableView.swift */ = {isa = PBXFileReference; lastKnownFileType = sourcecode.swift; path = FavoriteTableView.swift; sourceTree = "<group>"; };
		FC58261D2C4307DF00726275 /* FavoriteTableViewCell.swift */ = {isa = PBXFileReference; lastKnownFileType = sourcecode.swift; path = FavoriteTableViewCell.swift; sourceTree = "<group>"; };
/* End PBXFileReference section */

/* Begin PBXFrameworksBuildPhase section */
		526DF7D72C30D84F008A7818 /* Frameworks */ = {
			isa = PBXFrameworksBuildPhase;
			buildActionMask = 2147483647;
			files = (
			);
			runOnlyForDeploymentPostprocessing = 0;
		};
/* End PBXFrameworksBuildPhase section */

/* Begin PBXGroup section */
		245594BF2C34427600F07D86 /* Test */ = {
			isa = PBXGroup;
			children = (
				245594BD2C34426F00F07D86 /* TestVC.swift */,
			);
			path = Test;
			sourceTree = "<group>";
		};
		24ACAB022C3DAB06000DFF02 /* CreateRecipe */ = {
			isa = PBXGroup;
			children = (
				24AFE6A62C41B7BF00499912 /* CreateRecipeCells */,
				24ACAAFE2C3DAAF2000DFF02 /* CreateRecipeView.swift */,
				24ACAB032C3ED421000DFF02 /* CreateRecipeViewController.swift */,
				24ACAB002C3DAB00000DFF02 /* CreateRecipePresenter.swift */,
			);
			path = CreateRecipe;
			sourceTree = "<group>";
		};
		24AFE6A62C41B7BF00499912 /* CreateRecipeCells */ = {
			isa = PBXGroup;
			children = (
				24AFE6A42C41B7B600499912 /* CreateRecipeIngredientCell.swift */,
				245EF1FF2C43D1EF00F89FA4 /* CreateRecipeTitleCell.swift */,
				245EF2012C43D4BA00F89FA4 /* CreateRecipeImageCell.swift */,
				245EF2052C43DA9400F89FA4 /* CreateRecipeServesessCell.swift */,
			);
			path = CreateRecipeCells;
			sourceTree = "<group>";
		};
		24B6D96C2C37126F006F866F /* DataManager */ = {
			isa = PBXGroup;
			children = (
				24B6D96A2C371200006F866F /* DataManager.swift */,
			);
			path = DataManager;
			sourceTree = "<group>";
		};
		522898AD2C31DD820013FF87 /* Controller */ = {
			isa = PBXGroup;
			children = (
				526DF7E12C30D84F008A7818 /* LaunchViewController.swift */,
			);
			path = Controller;
			sourceTree = "<group>";
		};
		522898AE2C31DD8D0013FF87 /* View */ = {
			isa = PBXGroup;
			children = (
				522898B52C32DF310013FF87 /* Controller */,
				522898B62C32DF400013FF87 /* BRCollectionView.swift */,
				522899502C3D7A530013FF87 /* Subviews */,
			);
			path = View;
			sourceTree = "<group>";
		};
		522898B02C31DD960013FF87 /* Controller */ = {
			isa = PBXGroup;
			children = (
				24C02B4E2C43306E008768F0 /* DetailView.swift */,
				522898AB2C31DD7B0013FF87 /* DetailViewController.swift */,
			);
			path = Controller;
			sourceTree = "<group>";
		};
		522898B32C32DE6F0013FF87 /* Presenter */ = {
			isa = PBXGroup;
			children = (
				522898DF2C34181C0013FF87 /* MainPresenter.swift */,
			);
			path = Presenter;
			sourceTree = "<group>";
		};
		522898B42C32DE730013FF87 /* Model */ = {
			isa = PBXGroup;
			children = (
				522898D22C32F0FC0013FF87 /* BRSection.swift */,
				522898D42C32F2900013FF87 /* BRMockData.swift */,
				522898FC2C3AFD940013FF87 /* BRTrendingModel.swift */,
				522898F32C36D8360013FF87 /* BRCategoryModel.swift */,
				522898FE2C3B1D220013FF87 /* BRPopularModel.swift */,
				522899002C3B1D510013FF87 /* BRCuisineModel.swift */,
				522899512C3D802E0013FF87 /* BRRecentModel.swift */,
				522899562C40A5610013FF87 /* BRAuthorsModel.swift */,
			);
			path = Model;
			sourceTree = "<group>";
		};
		522898B52C32DF310013FF87 /* Controller */ = {
			isa = PBXGroup;
			children = (
				522898A72C31DD6A0013FF87 /* MainViewController.swift */,
			);
			path = Controller;
			sourceTree = "<group>";
		};
		522898BA2C32DFC50013FF87 /* Cells */ = {
			isa = PBXGroup;
			children = (
				522898B82C32DFC20013FF87 /* BRTrendingCollectionViewCell.swift */,
				522898BB2C32E0F30013FF87 /* BRCategoryCollectionViewCell.swift */,
				522898C12C32E2200013FF87 /* BRPopularCollectionViewCell.swift */,
				522898BD2C32E12D0013FF87 /* BRRecentCollectionViewCell.swift */,
				522898BF2C32E1820013FF87 /* BRCuisineCollectionViewCell.swift */,
				522899542C40605B0013FF87 /* BRRecentPlaceholderCell.swift */,
			);
			path = Cells;
			sourceTree = "<group>";
		};
		522898C72C32E9730013FF87 /* Header & Footer */ = {
			isa = PBXGroup;
			children = (
				522898C82C32E9980013FF87 /* BRSeeAllHeader.swift */,
				522898CA2C32E9CA0013FF87 /* BRTrendingFooter.swift */,
			);
			path = "Header & Footer";
			sourceTree = "<group>";
		};
		522898E22C3423880013FF87 /* Builder */ = {
			isa = PBXGroup;
			children = (
				522898E42C34239B0013FF87 /* Builder.swift */,
			);
			path = Builder;
			sourceTree = "<group>";
		};
		522898E32C34238D0013FF87 /* Router */ = {
			isa = PBXGroup;
			children = (
				522898E62C3423AA0013FF87 /* Router.swift */,
			);
			path = Router;
			sourceTree = "<group>";
		};
		522898EC2C3433E70013FF87 /* Presenter */ = {
			isa = PBXGroup;
			children = (
				C6BEC2FE2C42DF7F00256140 /* TrendingPresenter.swift */,
			);
			path = Presenter;
			sourceTree = "<group>";
		};
		522899502C3D7A530013FF87 /* Subviews */ = {
			isa = PBXGroup;
			children = (
				522899532C3D80D10013FF87 /* CustomViews */,
				522898BA2C32DFC50013FF87 /* Cells */,
				522898C72C32E9730013FF87 /* Header & Footer */,
			);
			path = Subviews;
			sourceTree = "<group>";
		};
		522899532C3D80D10013FF87 /* CustomViews */ = {
			isa = PBXGroup;
			children = (
				522898D82C32FD700013FF87 /* BRRatingView.swift */,
				522898D62C32FBBA0013FF87 /* BRFavoritesButton.swift */,
			);
			path = CustomViews;
			sourceTree = "<group>";
		};
		526DF7D12C30D84F008A7818 = {
			isa = PBXGroup;
			children = (
				526DF7DC2C30D84F008A7818 /* BestRecipes */,
				526DF7DB2C30D84F008A7818 /* Products */,
			);
			sourceTree = "<group>";
		};
		526DF7DB2C30D84F008A7818 /* Products */ = {
			isa = PBXGroup;
			children = (
				526DF7DA2C30D84F008A7818 /* BestRecipes.app */,
			);
			name = Products;
			sourceTree = "<group>";
		};
		526DF7DC2C30D84F008A7818 /* BestRecipes */ = {
			isa = PBXGroup;
			children = (
				526DF7F22C30D919008A7818 /* App */,
				526DF7F42C30D92C008A7818 /* Service */,
				526DF7FF2C30DBBC008A7818 /* Model */,
				526DF7F32C30D928008A7818 /* Modules */,
				526DF7F52C30D936008A7818 /* Helpers */,
				526DF7F12C30D910008A7818 /* Support */,
			);
			path = BestRecipes;
			sourceTree = "<group>";
		};
		526DF7F12C30D910008A7818 /* Support */ = {
			isa = PBXGroup;
			children = (
				526DF7E62C30D851008A7818 /* Assets.xcassets */,
				526DF7E82C30D851008A7818 /* LaunchScreen.storyboard */,
				526DF7EB2C30D851008A7818 /* Info.plist */,
			);
			path = Support;
			sourceTree = "<group>";
		};
		526DF7F22C30D919008A7818 /* App */ = {
			isa = PBXGroup;
			children = (
				526DF7DD2C30D84F008A7818 /* AppDelegate.swift */,
				526DF7DF2C30D84F008A7818 /* SceneDelegate.swift */,
				522898E22C3423880013FF87 /* Builder */,
				522898E32C34238D0013FF87 /* Router */,
			);
			path = App;
			sourceTree = "<group>";
		};
		526DF7F32C30D928008A7818 /* Modules */ = {
			isa = PBXGroup;
			children = (
				526DF8082C30DCBE008A7818 /* Launch */,
				526DF8012C30DBD2008A7818 /* Onboarding */,
				526DF8002C30DBCB008A7818 /* TabBar */,
				C65550002C3C4DB60016FF73 /* Search */,
				526DF8052C30DBE3008A7818 /* Main */,
				C69029662C37365000E4F985 /* Favorite */,
				C69029672C37365900E4F985 /* Notification */,
				526DF8032C30DBDA008A7818 /* Profile */,
				526DF8072C30DC02008A7818 /* Trending */,
				526DF8042C30DBDF008A7818 /* Detail */,
				245594BF2C34427600F07D86 /* Test */,
				24ACAB022C3DAB06000DFF02 /* CreateRecipe */,
			);
			path = Modules;
			sourceTree = "<group>";
		};
		526DF7F42C30D92C008A7818 /* Service */ = {
			isa = PBXGroup;
			children = (
				526DF7FE2C30DBAF008A7818 /* NetworkManager */,
				24B6D96C2C37126F006F866F /* DataManager */,
			);
			path = Service;
			sourceTree = "<group>";
		};
		526DF7F52C30D936008A7818 /* Helpers */ = {
			isa = PBXGroup;
			children = (
				526DF7F62C30D96E008A7818 /* Extensions */,
				526DF7F72C30D976008A7818 /* Fonts */,
				C6AB90162C386C7400C2D719 /* Constants.swift */,
				C6EC28782C492DEC00BE5252 /* ScreenSizeManager.swift */,
			);
			path = Helpers;
			sourceTree = "<group>";
		};
		526DF7F62C30D96E008A7818 /* Extensions */ = {
			isa = PBXGroup;
			children = (
				C6654C462C3E593B00969C1D /* UIImageView + Extensions.swift */,
				C6FC31F72C3F18DE00F5191F /* UIButton + Extensions.swift */,
				C6654C442C3E56B000969C1D /* UILabel + Extensions.swift */,
				526DF8092C30DE07008A7818 /* UIView + Extensions.swift */,
				526DF80C2C30DE3B008A7818 /* UIStackView + Extensions.swift */,
				522898C32C32E6220013FF87 /* TextField + Extensions.swift */,
				C6F7D8A92C4654B900441D0E /* NSLayoutConstraint + Extensions.swift */,
			);
			path = Extensions;
			sourceTree = "<group>";
		};
		526DF7F72C30D976008A7818 /* Fonts */ = {
			isa = PBXGroup;
			children = (
				526DF7F82C30D98E008A7818 /* Font.swift */,
				526DF7FA2C30DA11008A7818 /* Poppins-Bold.ttf */,
				526DF7FB2C30DA11008A7818 /* Poppins-Regular.ttf */,
				C6AB90182C386EF600C2D719 /* Poppins-SemiBold.ttf */,
			);
			path = Fonts;
			sourceTree = "<group>";
		};
		526DF7FE2C30DBAF008A7818 /* NetworkManager */ = {
			isa = PBXGroup;
			children = (
				522898A12C31DC3D0013FF87 /* Network.swift */,
			);
			path = NetworkManager;
			sourceTree = "<group>";
		};
		526DF7FF2C30DBBC008A7818 /* Model */ = {
			isa = PBXGroup;
			children = (
				522898B12C31DDAB0013FF87 /* Recipe.swift */,
				24ACAB092C40634E000DFF02 /* Instruction.swift */,
				24AE745D2C35495F00CED2BA /* SearchResult.swift */,
				245594BB2C34271100F07D86 /* Ingredient.swift */,
			);
			path = Model;
			sourceTree = "<group>";
		};
		526DF8002C30DBCB008A7818 /* TabBar */ = {
			isa = PBXGroup;
			children = (
				C684E79D2C35998200F8164A /* View */,
				C684E7982C35997400F8164A /* CustomTabBar.swift */,
				C684E7972C35997400F8164A /* CustomTabBarController.swift */,
			);
			path = TabBar;
			sourceTree = "<group>";
		};
		526DF8012C30DBD2008A7818 /* Onboarding */ = {
			isa = PBXGroup;
			children = (
				522898A32C31DD550013FF87 /* OnboardingViewController.swift */,
			);
			path = Onboarding;
			sourceTree = "<group>";
		};
		526DF8032C30DBDA008A7818 /* Profile */ = {
			isa = PBXGroup;
			children = (
				C636A03D2C4D82B100736F80 /* View */,
				C636A03E2C4D82B900736F80 /* Presenter */,
			);
			path = Profile;
			sourceTree = "<group>";
		};
		526DF8042C30DBDF008A7818 /* Detail */ = {
			isa = PBXGroup;
			children = (
				C6C1CA902C45C8370060AD26 /* Model */,
				C6C1CA8B2C45C78A0060AD26 /* View */,
				C6C1CA8C2C45C79E0060AD26 /* Presenter */,
			);
			path = Detail;
			sourceTree = "<group>";
		};
		526DF8052C30DBE3008A7818 /* Main */ = {
			isa = PBXGroup;
			children = (
				522898B42C32DE730013FF87 /* Model */,
				522898B32C32DE6F0013FF87 /* Presenter */,
				522898AE2C31DD8D0013FF87 /* View */,
			);
			path = Main;
			sourceTree = "<group>";
		};
		526DF8072C30DC02008A7818 /* Trending */ = {
			isa = PBXGroup;
			children = (
				C6BEC3012C42DFB700256140 /* View */,
				522898EC2C3433E70013FF87 /* Presenter */,
			);
			path = Trending;
			sourceTree = "<group>";
		};
		526DF8082C30DCBE008A7818 /* Launch */ = {
			isa = PBXGroup;
			children = (
				522898AD2C31DD820013FF87 /* Controller */,
			);
			path = Launch;
			sourceTree = "<group>";
		};
		C60FC3992C43B28C00C86FBB /* View */ = {
			isa = PBXGroup;
			children = (
				C60FC39A2C43B2DE00C86FBB /* Cells */,
				FC5826152C4306FB00726275 /* Controller */,
			);
			path = View;
			sourceTree = "<group>";
		};
		C60FC39A2C43B2DE00C86FBB /* Cells */ = {
			isa = PBXGroup;
			children = (
				FC58261D2C4307DF00726275 /* FavoriteTableViewCell.swift */,
			);
			path = Cells;
			sourceTree = "<group>";
		};
		C636A03C2C4D82A800736F80 /* Controller */ = {
			isa = PBXGroup;
			children = (
				C690296C2C3736B600E4F985 /* ProfileViewController.swift */,
				C636A0412C4D844700736F80 /* ProfileView.swift */,
			);
			path = Controller;
			sourceTree = "<group>";
		};
		C636A03D2C4D82B100736F80 /* View */ = {
			isa = PBXGroup;
			children = (
				C636A03C2C4D82A800736F80 /* Controller */,
			);
			path = View;
			sourceTree = "<group>";
		};
		C636A03E2C4D82B900736F80 /* Presenter */ = {
			isa = PBXGroup;
			children = (
				C636A03F2C4D82F400736F80 /* ProfilePresenter.swift */,
			);
			path = Presenter;
			sourceTree = "<group>";
		};
		C65550002C3C4DB60016FF73 /* Search */ = {
			isa = PBXGroup;
			children = (
				C65550022C3C4DF00016FF73 /* View */,
				C65550032C3C4DF60016FF73 /* Presenter */,
			);
			path = Search;
			sourceTree = "<group>";
		};
		C65550022C3C4DF00016FF73 /* View */ = {
			isa = PBXGroup;
			children = (
				C6C1CA8E2C45C7DE0060AD26 /* Controller */,
				C6FC31F62C3EF99400F5191F /* Cells */,
			);
			path = View;
			sourceTree = "<group>";
		};
		C65550032C3C4DF60016FF73 /* Presenter */ = {
			isa = PBXGroup;
			children = (
				C65550062C3C4E350016FF73 /* SearchPresenter.swift */,
			);
			path = Presenter;
			sourceTree = "<group>";
		};
		C684E79D2C35998200F8164A /* View */ = {
			isa = PBXGroup;
			children = (
				C684E79F2C35998A00F8164A /* PlusButton.swift */,
				C684E79E2C35998A00F8164A /* TabBarShape.swift */,
			);
			path = View;
			sourceTree = "<group>";
		};
		C69029662C37365000E4F985 /* Favorite */ = {
			isa = PBXGroup;
			children = (
				C60FC3992C43B28C00C86FBB /* View */,
				FC5826142C4306EF00726275 /* Presenter */,
			);
			path = Favorite;
			sourceTree = "<group>";
		};
		C69029672C37365900E4F985 /* Notification */ = {
			isa = PBXGroup;
			children = (
				C690296A2C37369B00E4F985 /* NotificationViewController.swift */,
			);
			path = Notification;
			sourceTree = "<group>";
		};
		C6BEC3012C42DFB700256140 /* View */ = {
			isa = PBXGroup;
			children = (
				C6BEC3022C42DFC500256140 /* Cells */,
				C6BEC3032C42DFCB00256140 /* Controller */,
			);
			path = View;
			sourceTree = "<group>";
		};
		C6BEC3022C42DFC500256140 /* Cells */ = {
			isa = PBXGroup;
			children = (
				C6BEC3042C42DFDF00256140 /* TrendingViewCell.swift */,
			);
			path = Cells;
			sourceTree = "<group>";
		};
		C6BEC3032C42DFCB00256140 /* Controller */ = {
			isa = PBXGroup;
			children = (
				C6BEC3062C42DFF300256140 /* TrendingView.swift */,
				C6BEC3082C42E00000256140 /* TrendingViewController.swift */,
			);
			path = Controller;
			sourceTree = "<group>";
		};
		C6C1CA8B2C45C78A0060AD26 /* View */ = {
			isa = PBXGroup;
			children = (
				24C02B4A2C43301C008768F0 /* DetailCheckBox.swift */,
				24C02B462C432FB9008768F0 /* DetailText.swift */,
				522898B02C31DD960013FF87 /* Controller */,
				C6C1CA8F2C45C7F50060AD26 /* Cells */,
			);
			path = View;
			sourceTree = "<group>";
		};
		C6C1CA8C2C45C79E0060AD26 /* Presenter */ = {
			isa = PBXGroup;
			children = (
				24C02B482C433002008768F0 /* DetailPresenter.swift */,
			);
			path = Presenter;
			sourceTree = "<group>";
		};
		C6C1CA8E2C45C7DE0060AD26 /* Controller */ = {
			isa = PBXGroup;
			children = (
				C65550082C3C4F5D0016FF73 /* SearchView.swift */,
				C65550042C3C4E160016FF73 /* SearchViewController.swift */,
			);
			path = Controller;
			sourceTree = "<group>";
		};
		C6C1CA8F2C45C7F50060AD26 /* Cells */ = {
			isa = PBXGroup;
			children = (
				24C02B422C432F2C008768F0 /* DetailViewCell.swift */,
			);
			path = Cells;
			sourceTree = "<group>";
		};
		C6C1CA902C45C8370060AD26 /* Model */ = {
			isa = PBXGroup;
			children = (
				24C02B442C432F58008768F0 /* RecipeDetailModel.swift */,
			);
			path = Model;
			sourceTree = "<group>";
		};
		C6FC31F62C3EF99400F5191F /* Cells */ = {
			isa = PBXGroup;
			children = (
				C65F73272C3DA01D007D1B4D /* MyRecipesCollectionCell.swift */,
				C694437F2C3E68A3009D9FA7 /* SearchHeaderView.swift */,
				C6A3A7362C41AE3E0079B648 /* EmptyCollectionCell.swift */,
			);
			path = Cells;
			sourceTree = "<group>";
		};
		FC5826142C4306EF00726275 /* Presenter */ = {
			isa = PBXGroup;
			children = (
				FC5826172C43077100726275 /* FavoritePresenter.swift */,
			);
			path = Presenter;
			sourceTree = "<group>";
		};
		FC5826152C4306FB00726275 /* Controller */ = {
			isa = PBXGroup;
			children = (
				FC5826192C43078900726275 /* FavoriteViewController.swift */,
				FC58261B2C4307BF00726275 /* FavoriteTableView.swift */,
			);
			path = Controller;
			sourceTree = "<group>";
		};
/* End PBXGroup section */

/* Begin PBXNativeTarget section */
		526DF7D92C30D84F008A7818 /* BestRecipes */ = {
			isa = PBXNativeTarget;
			buildConfigurationList = 526DF7EE2C30D851008A7818 /* Build configuration list for PBXNativeTarget "BestRecipes" */;
			buildPhases = (
				526DF7D62C30D84F008A7818 /* Sources */,
				526DF7D72C30D84F008A7818 /* Frameworks */,
				526DF7D82C30D84F008A7818 /* Resources */,
			);
			buildRules = (
			);
			dependencies = (
			);
			name = BestRecipes;
			productName = BestRecipes;
			productReference = 526DF7DA2C30D84F008A7818 /* BestRecipes.app */;
			productType = "com.apple.product-type.application";
		};
/* End PBXNativeTarget section */

/* Begin PBXProject section */
		526DF7D22C30D84F008A7818 /* Project object */ = {
			isa = PBXProject;
			attributes = {
				BuildIndependentTargetsInParallel = 1;
				LastSwiftUpdateCheck = 1530;
				LastUpgradeCheck = 1530;
				TargetAttributes = {
					526DF7D92C30D84F008A7818 = {
						CreatedOnToolsVersion = 15.3;
					};
				};
			};
			buildConfigurationList = 526DF7D52C30D84F008A7818 /* Build configuration list for PBXProject "BestRecipes" */;
			compatibilityVersion = "Xcode 14.0";
			developmentRegion = en;
			hasScannedForEncodings = 0;
			knownRegions = (
				en,
				Base,
			);
			mainGroup = 526DF7D12C30D84F008A7818;
			productRefGroup = 526DF7DB2C30D84F008A7818 /* Products */;
			projectDirPath = "";
			projectRoot = "";
			targets = (
				526DF7D92C30D84F008A7818 /* BestRecipes */,
			);
		};
/* End PBXProject section */

/* Begin PBXResourcesBuildPhase section */
		526DF7D82C30D84F008A7818 /* Resources */ = {
			isa = PBXResourcesBuildPhase;
			buildActionMask = 2147483647;
			files = (
				C6AB90192C386EF700C2D719 /* Poppins-SemiBold.ttf in Resources */,
				526DF7E72C30D851008A7818 /* Assets.xcassets in Resources */,
				526DF7FC2C30DA11008A7818 /* Poppins-Bold.ttf in Resources */,
				526DF7EA2C30D851008A7818 /* Base in Resources */,
				526DF7FD2C30DA11008A7818 /* Poppins-Regular.ttf in Resources */,
			);
			runOnlyForDeploymentPostprocessing = 0;
		};
/* End PBXResourcesBuildPhase section */

/* Begin PBXSourcesBuildPhase section */
		526DF7D62C30D84F008A7818 /* Sources */ = {
			isa = PBXSourcesBuildPhase;
			buildActionMask = 2147483647;
			files = (
				245EF2042C43D9E800F89FA4 /* CreateRecipeViewController.swift in Sources */,
				245EF2032C43D9E500F89FA4 /* CreateRecipeIngredientCell.swift in Sources */,
				245EF1FE2C43AE6800F89FA4 /* (null) in Sources */,
				245EF1FD2C43AE6300F89FA4 /* CreateRecipeView.swift in Sources */,
				526DF7F92C30D98E008A7818 /* Font.swift in Sources */,
				C6BEC2FF2C42DF7F00256140 /* TrendingPresenter.swift in Sources */,
				526DF7E22C30D84F008A7818 /* LaunchViewController.swift in Sources */,
				C65550072C3C4E350016FF73 /* SearchPresenter.swift in Sources */,
				C684E79B2C35997400F8164A /* CustomTabBar.swift in Sources */,
				C684E7A12C35998A00F8164A /* PlusButton.swift in Sources */,
				522898FD2C3AFD940013FF87 /* BRTrendingModel.swift in Sources */,
				24AE745E2C35495F00CED2BA /* SearchResult.swift in Sources */,
				245594BC2C34271100F07D86 /* Ingredient.swift in Sources */,
				C6FC31F82C3F18DE00F5191F /* UIButton + Extensions.swift in Sources */,
				C636A0402C4D82F400736F80 /* ProfilePresenter.swift in Sources */,
				522898D92C32FD700013FF87 /* BRRatingView.swift in Sources */,
				C684E79A2C35997400F8164A /* CustomTabBarController.swift in Sources */,
				522898AC2C31DD7B0013FF87 /* DetailViewController.swift in Sources */,
				522898CB2C32E9CB0013FF87 /* BRTrendingFooter.swift in Sources */,
				C6654C452C3E56B000969C1D /* UILabel + Extensions.swift in Sources */,
				526DF7DE2C30D84F008A7818 /* AppDelegate.swift in Sources */,
				C6654C472C3E593B00969C1D /* UIImageView + Extensions.swift in Sources */,
				C6BEC3092C42E00000256140 /* TrendingViewController.swift in Sources */,
				522898C22C32E2200013FF87 /* BRPopularCollectionViewCell.swift in Sources */,
				522898E72C3423AA0013FF87 /* Router.swift in Sources */,
				522899552C40605B0013FF87 /* BRRecentPlaceholderCell.swift in Sources */,
				C6EC28792C492DEC00BE5252 /* ScreenSizeManager.swift in Sources */,
				C6BEC3072C42DFF300256140 /* TrendingView.swift in Sources */,
				24C02B4B2C43301C008768F0 /* DetailCheckBox.swift in Sources */,
				522898D32C32F0FC0013FF87 /* BRSection.swift in Sources */,
				24C02B4F2C43306E008768F0 /* DetailView.swift in Sources */,
				522898A42C31DD550013FF87 /* OnboardingViewController.swift in Sources */,
				522898F42C36D8360013FF87 /* BRCategoryModel.swift in Sources */,
				526DF80D2C30DE3B008A7818 /* UIStackView + Extensions.swift in Sources */,
				522898C42C32E6220013FF87 /* TextField + Extensions.swift in Sources */,
				C65550092C3C4F5D0016FF73 /* SearchView.swift in Sources */,
				24ACAB0A2C40634E000DFF02 /* Instruction.swift in Sources */,
				526DF7E02C30D84F008A7818 /* SceneDelegate.swift in Sources */,
				24C02B452C432F58008768F0 /* RecipeDetailModel.swift in Sources */,
				522898A22C31DC3D0013FF87 /* Network.swift in Sources */,
				522898B72C32DF400013FF87 /* BRCollectionView.swift in Sources */,
				522898C02C32E1820013FF87 /* BRCuisineCollectionViewCell.swift in Sources */,
				C69443802C3E68A3009D9FA7 /* SearchHeaderView.swift in Sources */,
				C6AB90172C386C7400C2D719 /* Constants.swift in Sources */,
				C636A0422C4D844700736F80 /* ProfileView.swift in Sources */,
				522898B22C31DDAB0013FF87 /* Recipe.swift in Sources */,
				522898BE2C32E12D0013FF87 /* BRRecentCollectionViewCell.swift in Sources */,
				245594BE2C34427000F07D86 /* TestVC.swift in Sources */,
				526DF80A2C30DE07008A7818 /* UIView + Extensions.swift in Sources */,
				522898FF2C3B1D220013FF87 /* BRPopularModel.swift in Sources */,
				FC58261E2C4307DF00726275 /* FavoriteTableViewCell.swift in Sources */,
				C65550052C3C4E160016FF73 /* SearchViewController.swift in Sources */,
				522898D52C32F2900013FF87 /* BRMockData.swift in Sources */,
				FC5826182C43077100726275 /* FavoritePresenter.swift in Sources */,
				FC58261C2C4307BF00726275 /* FavoriteTableView.swift in Sources */,
				522898A82C31DD6A0013FF87 /* MainViewController.swift in Sources */,
				C6A3A7372C41AE3E0079B648 /* EmptyCollectionCell.swift in Sources */,
				24C02B472C432FB9008768F0 /* DetailText.swift in Sources */,
				522898E52C34239B0013FF87 /* Builder.swift in Sources */,
				24C02B432C432F2C008768F0 /* DetailViewCell.swift in Sources */,
				522898BC2C32E0F30013FF87 /* BRCategoryCollectionViewCell.swift in Sources */,
				FC58261A2C43078900726275 /* FavoriteViewController.swift in Sources */,
				522899522C3D802E0013FF87 /* BRRecentModel.swift in Sources */,
				245EF2002C43D1EF00F89FA4 /* CreateRecipeTitleCell.swift in Sources */,
				245EF2022C43D4BA00F89FA4 /* CreateRecipeImageCell.swift in Sources */,
				522898E02C34181C0013FF87 /* MainPresenter.swift in Sources */,
				C65F73282C3DA01D007D1B4D /* MyRecipesCollectionCell.swift in Sources */,
				522898D72C32FBBA0013FF87 /* BRFavoritesButton.swift in Sources */,
				C6BEC3052C42DFDF00256140 /* TrendingViewCell.swift in Sources */,
				522899572C40A5610013FF87 /* BRAuthorsModel.swift in Sources */,
				C6F7D8AA2C4654B900441D0E /* NSLayoutConstraint + Extensions.swift in Sources */,
				24B6D96B2C371200006F866F /* DataManager.swift in Sources */,
				24ACAB012C3DAB00000DFF02 /* CreateRecipePresenter.swift in Sources */,
				522898B92C32DFC20013FF87 /* BRTrendingCollectionViewCell.swift in Sources */,
				C684E7A02C35998A00F8164A /* TabBarShape.swift in Sources */,
				24C02B492C433002008768F0 /* DetailPresenter.swift in Sources */,
				245EF2062C43DA9400F89FA4 /* CreateRecipeServesessCell.swift in Sources */,
				C690296B2C37369B00E4F985 /* NotificationViewController.swift in Sources */,
				C690296D2C3736B600E4F985 /* ProfileViewController.swift in Sources */,
				522899012C3B1D510013FF87 /* BRCuisineModel.swift in Sources */,
				522898C92C32E9980013FF87 /* BRSeeAllHeader.swift in Sources */,
			);
			runOnlyForDeploymentPostprocessing = 0;
		};
/* End PBXSourcesBuildPhase section */

/* Begin PBXVariantGroup section */
		526DF7E82C30D851008A7818 /* LaunchScreen.storyboard */ = {
			isa = PBXVariantGroup;
			children = (
				526DF7E92C30D851008A7818 /* Base */,
			);
			name = LaunchScreen.storyboard;
			sourceTree = "<group>";
		};
/* End PBXVariantGroup section */

/* Begin XCBuildConfiguration section */
		526DF7EC2C30D851008A7818 /* Debug */ = {
			isa = XCBuildConfiguration;
			buildSettings = {
				ALWAYS_SEARCH_USER_PATHS = NO;
				ASSETCATALOG_COMPILER_GENERATE_SWIFT_ASSET_SYMBOL_EXTENSIONS = YES;
				CLANG_ANALYZER_NONNULL = YES;
				CLANG_ANALYZER_NUMBER_OBJECT_CONVERSION = YES_AGGRESSIVE;
				CLANG_CXX_LANGUAGE_STANDARD = "gnu++20";
				CLANG_ENABLE_MODULES = YES;
				CLANG_ENABLE_OBJC_ARC = YES;
				CLANG_ENABLE_OBJC_WEAK = YES;
				CLANG_WARN_BLOCK_CAPTURE_AUTORELEASING = YES;
				CLANG_WARN_BOOL_CONVERSION = YES;
				CLANG_WARN_COMMA = YES;
				CLANG_WARN_CONSTANT_CONVERSION = YES;
				CLANG_WARN_DEPRECATED_OBJC_IMPLEMENTATIONS = YES;
				CLANG_WARN_DIRECT_OBJC_ISA_USAGE = YES_ERROR;
				CLANG_WARN_DOCUMENTATION_COMMENTS = YES;
				CLANG_WARN_EMPTY_BODY = YES;
				CLANG_WARN_ENUM_CONVERSION = YES;
				CLANG_WARN_INFINITE_RECURSION = YES;
				CLANG_WARN_INT_CONVERSION = YES;
				CLANG_WARN_NON_LITERAL_NULL_CONVERSION = YES;
				CLANG_WARN_OBJC_IMPLICIT_RETAIN_SELF = YES;
				CLANG_WARN_OBJC_LITERAL_CONVERSION = YES;
				CLANG_WARN_OBJC_ROOT_CLASS = YES_ERROR;
				CLANG_WARN_QUOTED_INCLUDE_IN_FRAMEWORK_HEADER = YES;
				CLANG_WARN_RANGE_LOOP_ANALYSIS = YES;
				CLANG_WARN_STRICT_PROTOTYPES = YES;
				CLANG_WARN_SUSPICIOUS_MOVE = YES;
				CLANG_WARN_UNGUARDED_AVAILABILITY = YES_AGGRESSIVE;
				CLANG_WARN_UNREACHABLE_CODE = YES;
				CLANG_WARN__DUPLICATE_METHOD_MATCH = YES;
				COPY_PHASE_STRIP = NO;
				DEBUG_INFORMATION_FORMAT = dwarf;
				ENABLE_STRICT_OBJC_MSGSEND = YES;
				ENABLE_TESTABILITY = YES;
				ENABLE_USER_SCRIPT_SANDBOXING = YES;
				GCC_C_LANGUAGE_STANDARD = gnu17;
				GCC_DYNAMIC_NO_PIC = NO;
				GCC_NO_COMMON_BLOCKS = YES;
				GCC_OPTIMIZATION_LEVEL = 0;
				GCC_PREPROCESSOR_DEFINITIONS = (
					"DEBUG=1",
					"$(inherited)",
				);
				GCC_WARN_64_TO_32_BIT_CONVERSION = YES;
				GCC_WARN_ABOUT_RETURN_TYPE = YES_ERROR;
				GCC_WARN_UNDECLARED_SELECTOR = YES;
				GCC_WARN_UNINITIALIZED_AUTOS = YES_AGGRESSIVE;
				GCC_WARN_UNUSED_FUNCTION = YES;
				GCC_WARN_UNUSED_VARIABLE = YES;
				IPHONEOS_DEPLOYMENT_TARGET = 17.4;
				LOCALIZATION_PREFERS_STRING_CATALOGS = YES;
				MTL_ENABLE_DEBUG_INFO = INCLUDE_SOURCE;
				MTL_FAST_MATH = YES;
				ONLY_ACTIVE_ARCH = YES;
				SDKROOT = iphoneos;
				SWIFT_ACTIVE_COMPILATION_CONDITIONS = "DEBUG $(inherited)";
				SWIFT_OPTIMIZATION_LEVEL = "-Onone";
			};
			name = Debug;
		};
		526DF7ED2C30D851008A7818 /* Release */ = {
			isa = XCBuildConfiguration;
			buildSettings = {
				ALWAYS_SEARCH_USER_PATHS = NO;
				ASSETCATALOG_COMPILER_GENERATE_SWIFT_ASSET_SYMBOL_EXTENSIONS = YES;
				CLANG_ANALYZER_NONNULL = YES;
				CLANG_ANALYZER_NUMBER_OBJECT_CONVERSION = YES_AGGRESSIVE;
				CLANG_CXX_LANGUAGE_STANDARD = "gnu++20";
				CLANG_ENABLE_MODULES = YES;
				CLANG_ENABLE_OBJC_ARC = YES;
				CLANG_ENABLE_OBJC_WEAK = YES;
				CLANG_WARN_BLOCK_CAPTURE_AUTORELEASING = YES;
				CLANG_WARN_BOOL_CONVERSION = YES;
				CLANG_WARN_COMMA = YES;
				CLANG_WARN_CONSTANT_CONVERSION = YES;
				CLANG_WARN_DEPRECATED_OBJC_IMPLEMENTATIONS = YES;
				CLANG_WARN_DIRECT_OBJC_ISA_USAGE = YES_ERROR;
				CLANG_WARN_DOCUMENTATION_COMMENTS = YES;
				CLANG_WARN_EMPTY_BODY = YES;
				CLANG_WARN_ENUM_CONVERSION = YES;
				CLANG_WARN_INFINITE_RECURSION = YES;
				CLANG_WARN_INT_CONVERSION = YES;
				CLANG_WARN_NON_LITERAL_NULL_CONVERSION = YES;
				CLANG_WARN_OBJC_IMPLICIT_RETAIN_SELF = YES;
				CLANG_WARN_OBJC_LITERAL_CONVERSION = YES;
				CLANG_WARN_OBJC_ROOT_CLASS = YES_ERROR;
				CLANG_WARN_QUOTED_INCLUDE_IN_FRAMEWORK_HEADER = YES;
				CLANG_WARN_RANGE_LOOP_ANALYSIS = YES;
				CLANG_WARN_STRICT_PROTOTYPES = YES;
				CLANG_WARN_SUSPICIOUS_MOVE = YES;
				CLANG_WARN_UNGUARDED_AVAILABILITY = YES_AGGRESSIVE;
				CLANG_WARN_UNREACHABLE_CODE = YES;
				CLANG_WARN__DUPLICATE_METHOD_MATCH = YES;
				COPY_PHASE_STRIP = NO;
				DEBUG_INFORMATION_FORMAT = "dwarf-with-dsym";
				ENABLE_NS_ASSERTIONS = NO;
				ENABLE_STRICT_OBJC_MSGSEND = YES;
				ENABLE_USER_SCRIPT_SANDBOXING = YES;
				GCC_C_LANGUAGE_STANDARD = gnu17;
				GCC_NO_COMMON_BLOCKS = YES;
				GCC_WARN_64_TO_32_BIT_CONVERSION = YES;
				GCC_WARN_ABOUT_RETURN_TYPE = YES_ERROR;
				GCC_WARN_UNDECLARED_SELECTOR = YES;
				GCC_WARN_UNINITIALIZED_AUTOS = YES_AGGRESSIVE;
				GCC_WARN_UNUSED_FUNCTION = YES;
				GCC_WARN_UNUSED_VARIABLE = YES;
				IPHONEOS_DEPLOYMENT_TARGET = 17.4;
				LOCALIZATION_PREFERS_STRING_CATALOGS = YES;
				MTL_ENABLE_DEBUG_INFO = NO;
				MTL_FAST_MATH = YES;
				SDKROOT = iphoneos;
				SWIFT_COMPILATION_MODE = wholemodule;
				VALIDATE_PRODUCT = YES;
			};
			name = Release;
		};
		526DF7EF2C30D851008A7818 /* Debug */ = {
			isa = XCBuildConfiguration;
			buildSettings = {
				ASSETCATALOG_COMPILER_APPICON_NAME = AppIcon;
				ASSETCATALOG_COMPILER_GLOBAL_ACCENT_COLOR_NAME = AccentColor;
				CODE_SIGN_STYLE = Automatic;
				CURRENT_PROJECT_VERSION = 1;
				DEVELOPMENT_TEAM = 69M929ZQ47;
				GENERATE_INFOPLIST_FILE = YES;
				INFOPLIST_FILE = BestRecipes/Support/Info.plist;
				INFOPLIST_KEY_UIApplicationSupportsIndirectInputEvents = YES;
				INFOPLIST_KEY_UILaunchStoryboardName = LaunchScreen;
				INFOPLIST_KEY_UISupportedInterfaceOrientations = UIInterfaceOrientationPortrait;
				INFOPLIST_KEY_UISupportedInterfaceOrientations_iPad = "UIInterfaceOrientationLandscapeLeft UIInterfaceOrientationLandscapeRight UIInterfaceOrientationPortrait UIInterfaceOrientationPortraitUpsideDown";
				IPHONEOS_DEPLOYMENT_TARGET = 15.0;
				LD_RUNPATH_SEARCH_PATHS = (
					"$(inherited)",
					"@executable_path/Frameworks",
				);
				MARKETING_VERSION = 1.0;
				PRODUCT_BUNDLE_IDENTIFIER = emazrukho.BestRecipes;
				PRODUCT_NAME = "$(TARGET_NAME)";
				SUPPORTED_PLATFORMS = "iphoneos iphonesimulator";
				SUPPORTS_MACCATALYST = NO;
				SUPPORTS_MAC_DESIGNED_FOR_IPHONE_IPAD = NO;
				SUPPORTS_XR_DESIGNED_FOR_IPHONE_IPAD = NO;
				SWIFT_EMIT_LOC_STRINGS = YES;
				SWIFT_VERSION = 5.0;
				TARGETED_DEVICE_FAMILY = 1;
			};
			name = Debug;
		};
		526DF7F02C30D851008A7818 /* Release */ = {
			isa = XCBuildConfiguration;
			buildSettings = {
				ASSETCATALOG_COMPILER_APPICON_NAME = AppIcon;
				ASSETCATALOG_COMPILER_GLOBAL_ACCENT_COLOR_NAME = AccentColor;
				CODE_SIGN_STYLE = Automatic;
				CURRENT_PROJECT_VERSION = 1;
				DEVELOPMENT_TEAM = 69M929ZQ47;
				GENERATE_INFOPLIST_FILE = YES;
				INFOPLIST_FILE = BestRecipes/Support/Info.plist;
				INFOPLIST_KEY_UIApplicationSupportsIndirectInputEvents = YES;
				INFOPLIST_KEY_UILaunchStoryboardName = LaunchScreen;
				INFOPLIST_KEY_UISupportedInterfaceOrientations = UIInterfaceOrientationPortrait;
				INFOPLIST_KEY_UISupportedInterfaceOrientations_iPad = "UIInterfaceOrientationLandscapeLeft UIInterfaceOrientationLandscapeRight UIInterfaceOrientationPortrait UIInterfaceOrientationPortraitUpsideDown";
				IPHONEOS_DEPLOYMENT_TARGET = 15.0;
				LD_RUNPATH_SEARCH_PATHS = (
					"$(inherited)",
					"@executable_path/Frameworks",
				);
				MARKETING_VERSION = 1.0;
				PRODUCT_BUNDLE_IDENTIFIER = emazrukho.BestRecipes;
				PRODUCT_NAME = "$(TARGET_NAME)";
				SUPPORTED_PLATFORMS = "iphoneos iphonesimulator";
				SUPPORTS_MACCATALYST = NO;
				SUPPORTS_MAC_DESIGNED_FOR_IPHONE_IPAD = NO;
				SUPPORTS_XR_DESIGNED_FOR_IPHONE_IPAD = NO;
				SWIFT_EMIT_LOC_STRINGS = YES;
				SWIFT_VERSION = 5.0;
				TARGETED_DEVICE_FAMILY = 1;
			};
			name = Release;
		};
/* End XCBuildConfiguration section */

/* Begin XCConfigurationList section */
		526DF7D52C30D84F008A7818 /* Build configuration list for PBXProject "BestRecipes" */ = {
			isa = XCConfigurationList;
			buildConfigurations = (
				526DF7EC2C30D851008A7818 /* Debug */,
				526DF7ED2C30D851008A7818 /* Release */,
			);
			defaultConfigurationIsVisible = 0;
			defaultConfigurationName = Release;
		};
		526DF7EE2C30D851008A7818 /* Build configuration list for PBXNativeTarget "BestRecipes" */ = {
			isa = XCConfigurationList;
			buildConfigurations = (
				526DF7EF2C30D851008A7818 /* Debug */,
				526DF7F02C30D851008A7818 /* Release */,
			);
			defaultConfigurationIsVisible = 0;
			defaultConfigurationName = Release;
		};
/* End XCConfigurationList section */
	};
	rootObject = 526DF7D22C30D84F008A7818 /* Project object */;
}
